PODS:
  - AFNetworking (1.3.3)
  - InAppSettingsKit (2.0)
  - JASidePanels (1.3.2)
  - JSONKit (1.5pre)
  - ODRefreshControl (1.1.0)
  - Reachability (3.1.1)
  - SDWebImage (3.5):
    - SDWebImage/Core
  - SDWebImage/Core (3.5)
  - SIAlertView (1.3)
  - SVProgressHUD (1.0)

DEPENDENCIES:
  - AFNetworking (= 1.3.3)
  - InAppSettingsKit
  - JASidePanels
  - JSONKit
  - ODRefreshControl
  - Reachability
  - SDWebImage
  - SIAlertView
  - SVProgressHUD

SPEC CHECKSUMS:
  AFNetworking: 0700ec7a58c36ad217173e167f6e4df7270df66b
  InAppSettingsKit: 2b85ba925a81634860461c21274f54b130c84614
  JASidePanels: c0e642a7311ec9cc9adfa616fa4a795e4e169f20
  JSONKit: 409734ab3407fce90ef7eaa95d7168f38d9a6601
  ODRefreshControl: 886e323a7c25114b9e5c397a9eefbebc034224a9
  Reachability: be4883bb93f31e38266ae3365e5600a317aae735
  SDWebImage: f1a72472f8a2d54445f1fedafe2090593d9caf7f
  SIAlertView: e6d0d786c3a3f6e456b0e8b9376d0c34d68e827b
  SVProgressHUD: 5e10939a296debf5fe5a5895eda9539b8b2114f1

COCOAPODS: 0.28.0
