// !$*UTF8*$!
{
	archiveVersion = 1;
	classes = {
	};
	objectVersion = 46;
	objects = {

/* Begin PBXBuildFile section */
		2749DF4617BB7213000B6C69 /* OPPostDetailViewController.m in Sources */ = {isa = PBXBuildFile; fileRef = 2749DF4517BB7213000B6C69 /* OPPostDetailViewController.m */; };
		2749DF4817BB7525000B6C69 /* postdetail.html in Resources */ = {isa = PBXBuildFile; fileRef = 2749DF4717BB7525000B6C69 /* postdetail.html */; };
		2749DF4B17BB7B42000B6C69 /* OPNewPostViewController.m in Sources */ = {isa = PBXBuildFile; fileRef = 2749DF4A17BB7B42000B6C69 /* OPNewPostViewController.m */; };
		2749DF4E17BB7B55000B6C69 /* OPReplyPostViewController.m in Sources */ = {isa = PBXBuildFile; fileRef = 2749DF4D17BB7B55000B6C69 /* OPReplyPostViewController.m */; };
		276E315517AFB5E9003BE434 /* thread.html in Resources */ = {isa = PBXBuildFile; fileRef = 276E315417AFB5E9003BE434 /* thread.html */; };
		27DB889E1777F307007BC809 /* UIKit.framework in Frameworks */ = {isa = PBXBuildFile; fileRef = 27DB889D1777F307007BC809 /* UIKit.framework */; };
		27DB88A01777F307007BC809 /* Foundation.framework in Frameworks */ = {isa = PBXBuildFile; fileRef = 27DB889F1777F307007BC809 /* Foundation.framework */; };
		27DB88A81777F307007BC809 /* InfoPlist.strings in Resources */ = {isa = PBXBuildFile; fileRef = 27DB88A61777F307007BC809 /* InfoPlist.strings */; };
		27DB88AA1777F307007BC809 /* main.m in Sources */ = {isa = PBXBuildFile; fileRef = 27DB88A91777F307007BC809 /* main.m */; };
		27DB88AE1777F307007BC809 /* OPAppDelegate.m in Sources */ = {isa = PBXBuildFile; fileRef = 27DB88AD1777F307007BC809 /* OPAppDelegate.m */; };
		27DB88B01777F307007BC809 /* Default.png in Resources */ = {isa = PBXBuildFile; fileRef = 27DB88AF1777F307007BC809 /* Default.png */; };
		27DB88B21777F307007BC809 /* Default@2x.png in Resources */ = {isa = PBXBuildFile; fileRef = 27DB88B11777F307007BC809 /* Default@2x.png */; };
		27DB88B41777F307007BC809 /* Default-568h@2x.png in Resources */ = {isa = PBXBuildFile; fileRef = 27DB88B31777F307007BC809 /* Default-568h@2x.png */; };
		27DB88B71777F307007BC809 /* MainStoryboard.storyboard in Resources */ = {isa = PBXBuildFile; fileRef = 27DB88B51777F307007BC809 /* MainStoryboard.storyboard */; };
		27DB88BA1777F307007BC809 /* OPViewController.m in Sources */ = {isa = PBXBuildFile; fileRef = 27DB88B91777F307007BC809 /* OPViewController.m */; };
		27DB88C21777F308007BC809 /* SenTestingKit.framework in Frameworks */ = {isa = PBXBuildFile; fileRef = 27DB88C11777F308007BC809 /* SenTestingKit.framework */; };
		27DB88C31777F308007BC809 /* UIKit.framework in Frameworks */ = {isa = PBXBuildFile; fileRef = 27DB889D1777F307007BC809 /* UIKit.framework */; };
		27DB88C41777F308007BC809 /* Foundation.framework in Frameworks */ = {isa = PBXBuildFile; fileRef = 27DB889F1777F307007BC809 /* Foundation.framework */; };
		27DB88CC1777F308007BC809 /* InfoPlist.strings in Resources */ = {isa = PBXBuildFile; fileRef = 27DB88CA1777F308007BC809 /* InfoPlist.strings */; };
		27DB88CF1777F308007BC809 /* kanxuebbsTests.m in Sources */ = {isa = PBXBuildFile; fileRef = 27DB88CE1777F308007BC809 /* kanxuebbsTests.m */; };
		27DB89621777F9DA007BC809 /* ImageIO.framework in Frameworks */ = {isa = PBXBuildFile; fileRef = 27DB89611777F9DA007BC809 /* ImageIO.framework */; };
		27DB89641777FA09007BC809 /* SystemConfiguration.framework in Frameworks */ = {isa = PBXBuildFile; fileRef = 27DB89631777FA09007BC809 /* SystemConfiguration.framework */; };
		27DB89661777FA12007BC809 /* MobileCoreServices.framework in Frameworks */ = {isa = PBXBuildFile; fileRef = 27DB89651777FA12007BC809 /* MobileCoreServices.framework */; };
		27DB89681777FA59007BC809 /* QuartzCore.framework in Frameworks */ = {isa = PBXBuildFile; fileRef = 27DB89671777FA59007BC809 /* QuartzCore.framework */; };
		27DB896B1777FB6A007BC809 /* CoreGraphics.framework in Frameworks */ = {isa = PBXBuildFile; fileRef = 27DB88A11777F307007BC809 /* CoreGraphics.framework */; };
		27DB896D1777FBF7007BC809 /* MessageUI.framework in Frameworks */ = {isa = PBXBuildFile; fileRef = 27DB896C1777FBF7007BC809 /* MessageUI.framework */; };
		27DB8973177808E3007BC809 /* NSArray+Safe.m in Sources */ = {isa = PBXBuildFile; fileRef = 27DB8970177808E3007BC809 /* NSArray+Safe.m */; };
		27DB8974177808E3007BC809 /* NSDictionary+Safe.m in Sources */ = {isa = PBXBuildFile; fileRef = 27DB8972177808E3007BC809 /* NSDictionary+Safe.m */; };
		27DB89791778095F007BC809 /* UIViewController+Network.m in Sources */ = {isa = PBXBuildFile; fileRef = 27DB89781778095F007BC809 /* UIViewController+Network.m */; };
		27DB897D177809E7007BC809 /* OPGlobalURL.m in Sources */ = {isa = PBXBuildFile; fileRef = 27DB897C177809E7007BC809 /* OPGlobalURL.m */; };
		27DB898317781156007BC809 /* OPLeftPanelViewController.m in Sources */ = {isa = PBXBuildFile; fileRef = 27DB898217781156007BC809 /* OPLeftPanelViewController.m */; };
		27DB8986177811D5007BC809 /* OPBoardViewController.m in Sources */ = {isa = PBXBuildFile; fileRef = 27DB8985177811D5007BC809 /* OPBoardViewController.m */; };
		27DB898917781606007BC809 /* OPUserManager.m in Sources */ = {isa = PBXBuildFile; fileRef = 27DB898817781606007BC809 /* OPUserManager.m */; };
		27DB898C1778197B007BC809 /* OPLoginViewController.m in Sources */ = {isa = PBXBuildFile; fileRef = 27DB898B1778197B007BC809 /* OPLoginViewController.m */; };
		27DB898F17781C3A007BC809 /* OPBBSInterface.m in Sources */ = {isa = PBXBuildFile; fileRef = 27DB898E17781C3A007BC809 /* OPBBSInterface.m */; };
		9385F4AE601348EAA5A92F3B /* libPods.a in Frameworks */ = {isa = PBXBuildFile; fileRef = B3A63A5954544524827152B5 /* libPods.a */; };
		FE078EE8177C96E2009083D7 /* OPThreadCell.m in Sources */ = {isa = PBXBuildFile; fileRef = FE078EE7177C96E2009083D7 /* OPThreadCell.m */; };
		FE2FCC371778920800B9995C /* OPThreadViewController.m in Sources */ = {isa = PBXBuildFile; fileRef = FE2FCC361778920800B9995C /* OPThreadViewController.m */; };
		FE5745F117A2CCA000F9CF50 /* UIColor+RGB.m in Sources */ = {isa = PBXBuildFile; fileRef = FE5745F017A2CCA000F9CF50 /* UIColor+RGB.m */; };
		FEFE8795177DC1FB009B3E45 /* OPThreadDetailViewController.m in Sources */ = {isa = PBXBuildFile; fileRef = FEFE8794177DC1FB009B3E45 /* OPThreadDetailViewController.m */; };
/* End PBXBuildFile section */

/* Begin PBXContainerItemProxy section */
		27DB88C51777F308007BC809 /* PBXContainerItemProxy */ = {
			isa = PBXContainerItemProxy;
			containerPortal = 27DB88921777F307007BC809 /* Project object */;
			proxyType = 1;
			remoteGlobalIDString = 27DB88991777F307007BC809;
			remoteInfo = kanxuebbs;
		};
/* End PBXContainerItemProxy section */

/* Begin PBXFileReference section */
		2749DF4417BB7213000B6C69 /* OPPostDetailViewController.h */ = {isa = PBXFileReference; fileEncoding = 4; lastKnownFileType = sourcecode.c.h; path = OPPostDetailViewController.h; sourceTree = "<group>"; };
		2749DF4517BB7213000B6C69 /* OPPostDetailViewController.m */ = {isa = PBXFileReference; fileEncoding = 4; lastKnownFileType = sourcecode.c.objc; path = OPPostDetailViewController.m; sourceTree = "<group>"; };
		2749DF4717BB7525000B6C69 /* postdetail.html */ = {isa = PBXFileReference; fileEncoding = 4; lastKnownFileType = text.html; path = postdetail.html; sourceTree = "<group>"; };
		2749DF4917BB7B42000B6C69 /* OPNewPostViewController.h */ = {isa = PBXFileReference; fileEncoding = 4; lastKnownFileType = sourcecode.c.h; path = OPNewPostViewController.h; sourceTree = "<group>"; };
		2749DF4A17BB7B42000B6C69 /* OPNewPostViewController.m */ = {isa = PBXFileReference; fileEncoding = 4; lastKnownFileType = sourcecode.c.objc; path = OPNewPostViewController.m; sourceTree = "<group>"; };
		2749DF4C17BB7B55000B6C69 /* OPReplyPostViewController.h */ = {isa = PBXFileReference; fileEncoding = 4; lastKnownFileType = sourcecode.c.h; path = OPReplyPostViewController.h; sourceTree = "<group>"; };
		2749DF4D17BB7B55000B6C69 /* OPReplyPostViewController.m */ = {isa = PBXFileReference; fileEncoding = 4; lastKnownFileType = sourcecode.c.objc; path = OPReplyPostViewController.m; sourceTree = "<group>"; };
		276E315417AFB5E9003BE434 /* thread.html */ = {isa = PBXFileReference; fileEncoding = 4; lastKnownFileType = text.html; path = thread.html; sourceTree = "<group>"; };
		27DB889A1777F307007BC809 /* kanxuebbs.app */ = {isa = PBXFileReference; explicitFileType = wrapper.application; includeInIndex = 0; path = kanxuebbs.app; sourceTree = BUILT_PRODUCTS_DIR; };
		27DB889D1777F307007BC809 /* UIKit.framework */ = {isa = PBXFileReference; lastKnownFileType = wrapper.framework; name = UIKit.framework; path = System/Library/Frameworks/UIKit.framework; sourceTree = SDKROOT; };
		27DB889F1777F307007BC809 /* Foundation.framework */ = {isa = PBXFileReference; lastKnownFileType = wrapper.framework; name = Foundation.framework; path = System/Library/Frameworks/Foundation.framework; sourceTree = SDKROOT; };
		27DB88A11777F307007BC809 /* CoreGraphics.framework */ = {isa = PBXFileReference; lastKnownFileType = wrapper.framework; name = CoreGraphics.framework; path = System/Library/Frameworks/CoreGraphics.framework; sourceTree = SDKROOT; };
		27DB88A51777F307007BC809 /* kanxuebbs-Info.plist */ = {isa = PBXFileReference; lastKnownFileType = text.plist.xml; path = "kanxuebbs-Info.plist"; sourceTree = "<group>"; };
		27DB88A71777F307007BC809 /* en */ = {isa = PBXFileReference; lastKnownFileType = text.plist.strings; name = en; path = en.lproj/InfoPlist.strings; sourceTree = "<group>"; };
		27DB88A91777F307007BC809 /* main.m */ = {isa = PBXFileReference; lastKnownFileType = sourcecode.c.objc; path = main.m; sourceTree = "<group>"; };
		27DB88AB1777F307007BC809 /* kanxuebbs-Prefix.pch */ = {isa = PBXFileReference; lastKnownFileType = sourcecode.c.h; path = "kanxuebbs-Prefix.pch"; sourceTree = "<group>"; };
		27DB88AC1777F307007BC809 /* OPAppDelegate.h */ = {isa = PBXFileReference; lastKnownFileType = sourcecode.c.h; path = OPAppDelegate.h; sourceTree = "<group>"; };
		27DB88AD1777F307007BC809 /* OPAppDelegate.m */ = {isa = PBXFileReference; lastKnownFileType = sourcecode.c.objc; path = OPAppDelegate.m; sourceTree = "<group>"; };
		27DB88AF1777F307007BC809 /* Default.png */ = {isa = PBXFileReference; lastKnownFileType = image.png; path = Default.png; sourceTree = "<group>"; };
		27DB88B11777F307007BC809 /* Default@2x.png */ = {isa = PBXFileReference; lastKnownFileType = image.png; path = "Default@2x.png"; sourceTree = "<group>"; };
		27DB88B31777F307007BC809 /* Default-568h@2x.png */ = {isa = PBXFileReference; lastKnownFileType = image.png; path = "Default-568h@2x.png"; sourceTree = "<group>"; };
		27DB88B61777F307007BC809 /* en */ = {isa = PBXFileReference; lastKnownFileType = file.storyboard; name = en; path = en.lproj/MainStoryboard.storyboard; sourceTree = "<group>"; };
		27DB88B81777F307007BC809 /* OPViewController.h */ = {isa = PBXFileReference; lastKnownFileType = sourcecode.c.h; path = OPViewController.h; sourceTree = "<group>"; };
		27DB88B91777F307007BC809 /* OPViewController.m */ = {isa = PBXFileReference; lastKnownFileType = sourcecode.c.objc; path = OPViewController.m; sourceTree = "<group>"; };
		27DB88C01777F308007BC809 /* kanxuebbsTests.octest */ = {isa = PBXFileReference; explicitFileType = wrapper.cfbundle; includeInIndex = 0; path = kanxuebbsTests.octest; sourceTree = BUILT_PRODUCTS_DIR; };
		27DB88C11777F308007BC809 /* SenTestingKit.framework */ = {isa = PBXFileReference; lastKnownFileType = wrapper.framework; name = SenTestingKit.framework; path = Library/Frameworks/SenTestingKit.framework; sourceTree = DEVELOPER_DIR; };
		27DB88C91777F308007BC809 /* kanxuebbsTests-Info.plist */ = {isa = PBXFileReference; lastKnownFileType = text.plist.xml; path = "kanxuebbsTests-Info.plist"; sourceTree = "<group>"; };
		27DB88CB1777F308007BC809 /* en */ = {isa = PBXFileReference; lastKnownFileType = text.plist.strings; name = en; path = en.lproj/InfoPlist.strings; sourceTree = "<group>"; };
		27DB88CD1777F308007BC809 /* kanxuebbsTests.h */ = {isa = PBXFileReference; lastKnownFileType = sourcecode.c.h; path = kanxuebbsTests.h; sourceTree = "<group>"; };
		27DB88CE1777F308007BC809 /* kanxuebbsTests.m */ = {isa = PBXFileReference; lastKnownFileType = sourcecode.c.objc; path = kanxuebbsTests.m; sourceTree = "<group>"; };
		27DB89611777F9DA007BC809 /* ImageIO.framework */ = {isa = PBXFileReference; lastKnownFileType = wrapper.framework; name = ImageIO.framework; path = System/Library/Frameworks/ImageIO.framework; sourceTree = SDKROOT; };
		27DB89631777FA09007BC809 /* SystemConfiguration.framework */ = {isa = PBXFileReference; lastKnownFileType = wrapper.framework; name = SystemConfiguration.framework; path = System/Library/Frameworks/SystemConfiguration.framework; sourceTree = SDKROOT; };
		27DB89651777FA12007BC809 /* MobileCoreServices.framework */ = {isa = PBXFileReference; lastKnownFileType = wrapper.framework; name = MobileCoreServices.framework; path = System/Library/Frameworks/MobileCoreServices.framework; sourceTree = SDKROOT; };
		27DB89671777FA59007BC809 /* QuartzCore.framework */ = {isa = PBXFileReference; lastKnownFileType = wrapper.framework; name = QuartzCore.framework; path = System/Library/Frameworks/QuartzCore.framework; sourceTree = SDKROOT; };
		27DB896C1777FBF7007BC809 /* MessageUI.framework */ = {isa = PBXFileReference; lastKnownFileType = wrapper.framework; name = MessageUI.framework; path = System/Library/Frameworks/MessageUI.framework; sourceTree = SDKROOT; };
		27DB896F177808E3007BC809 /* NSArray+Safe.h */ = {isa = PBXFileReference; fileEncoding = 4; lastKnownFileType = sourcecode.c.h; path = "NSArray+Safe.h"; sourceTree = "<group>"; };
		27DB8970177808E3007BC809 /* NSArray+Safe.m */ = {isa = PBXFileReference; fileEncoding = 4; lastKnownFileType = sourcecode.c.objc; path = "NSArray+Safe.m"; sourceTree = "<group>"; };
		27DB8971177808E3007BC809 /* NSDictionary+Safe.h */ = {isa = PBXFileReference; fileEncoding = 4; lastKnownFileType = sourcecode.c.h; path = "NSDictionary+Safe.h"; sourceTree = "<group>"; };
		27DB8972177808E3007BC809 /* NSDictionary+Safe.m */ = {isa = PBXFileReference; fileEncoding = 4; lastKnownFileType = sourcecode.c.objc; path = "NSDictionary+Safe.m"; sourceTree = "<group>"; };
		27DB8975177808F3007BC809 /* OPCommon.h */ = {isa = PBXFileReference; fileEncoding = 4; lastKnownFileType = sourcecode.c.h; path = OPCommon.h; sourceTree = "<group>"; };
		27DB89771778095F007BC809 /* UIViewController+Network.h */ = {isa = PBXFileReference; fileEncoding = 4; lastKnownFileType = sourcecode.c.h; path = "UIViewController+Network.h"; sourceTree = "<group>"; };
		27DB89781778095F007BC809 /* UIViewController+Network.m */ = {isa = PBXFileReference; fileEncoding = 4; lastKnownFileType = sourcecode.c.objc; path = "UIViewController+Network.m"; sourceTree = "<group>"; };
		27DB897B177809E7007BC809 /* OPGlobalURL.h */ = {isa = PBXFileReference; fileEncoding = 4; lastKnownFileType = sourcecode.c.h; path = OPGlobalURL.h; sourceTree = "<group>"; };
		27DB897C177809E7007BC809 /* OPGlobalURL.m */ = {isa = PBXFileReference; fileEncoding = 4; lastKnownFileType = sourcecode.c.objc; path = OPGlobalURL.m; sourceTree = "<group>"; };
		27DB898117781156007BC809 /* OPLeftPanelViewController.h */ = {isa = PBXFileReference; fileEncoding = 4; lastKnownFileType = sourcecode.c.h; path = OPLeftPanelViewController.h; sourceTree = "<group>"; };
		27DB898217781156007BC809 /* OPLeftPanelViewController.m */ = {isa = PBXFileReference; fileEncoding = 4; lastKnownFileType = sourcecode.c.objc; path = OPLeftPanelViewController.m; sourceTree = "<group>"; };
		27DB8984177811D5007BC809 /* OPBoardViewController.h */ = {isa = PBXFileReference; fileEncoding = 4; lastKnownFileType = sourcecode.c.h; path = OPBoardViewController.h; sourceTree = "<group>"; };
		27DB8985177811D5007BC809 /* OPBoardViewController.m */ = {isa = PBXFileReference; fileEncoding = 4; lastKnownFileType = sourcecode.c.objc; path = OPBoardViewController.m; sourceTree = "<group>"; };
		27DB898717781605007BC809 /* OPUserManager.h */ = {isa = PBXFileReference; fileEncoding = 4; lastKnownFileType = sourcecode.c.h; path = OPUserManager.h; sourceTree = "<group>"; };
		27DB898817781606007BC809 /* OPUserManager.m */ = {isa = PBXFileReference; fileEncoding = 4; lastKnownFileType = sourcecode.c.objc; path = OPUserManager.m; sourceTree = "<group>"; };
		27DB898A1778197A007BC809 /* OPLoginViewController.h */ = {isa = PBXFileReference; fileEncoding = 4; lastKnownFileType = sourcecode.c.h; path = OPLoginViewController.h; sourceTree = "<group>"; };
		27DB898B1778197B007BC809 /* OPLoginViewController.m */ = {isa = PBXFileReference; fileEncoding = 4; lastKnownFileType = sourcecode.c.objc; path = OPLoginViewController.m; sourceTree = "<group>"; };
		27DB898D17781C3A007BC809 /* OPBBSInterface.h */ = {isa = PBXFileReference; fileEncoding = 4; lastKnownFileType = sourcecode.c.h; path = OPBBSInterface.h; sourceTree = "<group>"; };
		27DB898E17781C3A007BC809 /* OPBBSInterface.m */ = {isa = PBXFileReference; fileEncoding = 4; lastKnownFileType = sourcecode.c.objc; path = OPBBSInterface.m; sourceTree = "<group>"; };
		4DE0FD65AC06438692D9206B /* Pods.xcconfig */ = {isa = PBXFileReference; includeInIndex = 1; lastKnownFileType = text.xcconfig; name = Pods.xcconfig; path = Pods/Pods.xcconfig; sourceTree = "<group>"; };
		B3A63A5954544524827152B5 /* libPods.a */ = {isa = PBXFileReference; explicitFileType = archive.ar; includeInIndex = 0; path = libPods.a; sourceTree = BUILT_PRODUCTS_DIR; };
		FE078EE6177C96E2009083D7 /* OPThreadCell.h */ = {isa = PBXFileReference; fileEncoding = 4; lastKnownFileType = sourcecode.c.h; path = OPThreadCell.h; sourceTree = "<group>"; };
		FE078EE7177C96E2009083D7 /* OPThreadCell.m */ = {isa = PBXFileReference; fileEncoding = 4; lastKnownFileType = sourcecode.c.objc; path = OPThreadCell.m; sourceTree = "<group>"; };
		FE2FCC351778920800B9995C /* OPThreadViewController.h */ = {isa = PBXFileReference; fileEncoding = 4; lastKnownFileType = sourcecode.c.h; path = OPThreadViewController.h; sourceTree = "<group>"; };
		FE2FCC361778920800B9995C /* OPThreadViewController.m */ = {isa = PBXFileReference; fileEncoding = 4; lastKnownFileType = sourcecode.c.objc; path = OPThreadViewController.m; sourceTree = "<group>"; };
		FE5745EF17A2CCA000F9CF50 /* UIColor+RGB.h */ = {isa = PBXFileReference; fileEncoding = 4; lastKnownFileType = sourcecode.c.h; path = "UIColor+RGB.h"; sourceTree = "<group>"; };
		FE5745F017A2CCA000F9CF50 /* UIColor+RGB.m */ = {isa = PBXFileReference; fileEncoding = 4; lastKnownFileType = sourcecode.c.objc; path = "UIColor+RGB.m"; sourceTree = "<group>"; };
		FEFE8793177DC1FB009B3E45 /* OPThreadDetailViewController.h */ = {isa = PBXFileReference; fileEncoding = 4; lastKnownFileType = sourcecode.c.h; path = OPThreadDetailViewController.h; sourceTree = "<group>"; };
		FEFE8794177DC1FB009B3E45 /* OPThreadDetailViewController.m */ = {isa = PBXFileReference; fileEncoding = 4; lastKnownFileType = sourcecode.c.objc; path = OPThreadDetailViewController.m; sourceTree = "<group>"; };
/* End PBXFileReference section */

/* Begin PBXFrameworksBuildPhase section */
		27DB88971777F307007BC809 /* Frameworks */ = {
			isa = PBXFrameworksBuildPhase;
			buildActionMask = 2147483647;
			files = (
				27DB896D1777FBF7007BC809 /* MessageUI.framework in Frameworks */,
				27DB896B1777FB6A007BC809 /* CoreGraphics.framework in Frameworks */,
				27DB89681777FA59007BC809 /* QuartzCore.framework in Frameworks */,
				27DB89661777FA12007BC809 /* MobileCoreServices.framework in Frameworks */,
				27DB89641777FA09007BC809 /* SystemConfiguration.framework in Frameworks */,
				27DB89621777F9DA007BC809 /* ImageIO.framework in Frameworks */,
				27DB889E1777F307007BC809 /* UIKit.framework in Frameworks */,
				27DB88A01777F307007BC809 /* Foundation.framework in Frameworks */,
				9385F4AE601348EAA5A92F3B /* libPods.a in Frameworks */,
			);
			runOnlyForDeploymentPostprocessing = 0;
		};
		27DB88BC1777F308007BC809 /* Frameworks */ = {
			isa = PBXFrameworksBuildPhase;
			buildActionMask = 2147483647;
			files = (
				27DB88C21777F308007BC809 /* SenTestingKit.framework in Frameworks */,
				27DB88C31777F308007BC809 /* UIKit.framework in Frameworks */,
				27DB88C41777F308007BC809 /* Foundation.framework in Frameworks */,
			);
			runOnlyForDeploymentPostprocessing = 0;
		};
/* End PBXFrameworksBuildPhase section */

/* Begin PBXGroup section */
		27DB88911777F307007BC809 = {
			isa = PBXGroup;
			children = (
				27DB88A31777F307007BC809 /* kanxuebbs */,
				27DB88C71777F308007BC809 /* kanxuebbsTests */,
				27DB889C1777F307007BC809 /* Frameworks */,
				27DB889B1777F307007BC809 /* Products */,
				4DE0FD65AC06438692D9206B /* Pods.xcconfig */,
			);
			sourceTree = "<group>";
		};
		27DB889B1777F307007BC809 /* Products */ = {
			isa = PBXGroup;
			children = (
				27DB889A1777F307007BC809 /* kanxuebbs.app */,
				27DB88C01777F308007BC809 /* kanxuebbsTests.octest */,
			);
			name = Products;
			sourceTree = "<group>";
		};
		27DB889C1777F307007BC809 /* Frameworks */ = {
			isa = PBXGroup;
			children = (
				27DB896C1777FBF7007BC809 /* MessageUI.framework */,
				27DB89671777FA59007BC809 /* QuartzCore.framework */,
				27DB89651777FA12007BC809 /* MobileCoreServices.framework */,
				27DB89631777FA09007BC809 /* SystemConfiguration.framework */,
				27DB89611777F9DA007BC809 /* ImageIO.framework */,
				27DB889D1777F307007BC809 /* UIKit.framework */,
				27DB889F1777F307007BC809 /* Foundation.framework */,
				27DB88A11777F307007BC809 /* CoreGraphics.framework */,
				27DB88C11777F308007BC809 /* SenTestingKit.framework */,
				B3A63A5954544524827152B5 /* libPods.a */,
			);
			name = Frameworks;
			sourceTree = "<group>";
		};
		27DB88A31777F307007BC809 /* kanxuebbs */ = {
			isa = PBXGroup;
			children = (
				27DB897A177809BF007BC809 /* DataModel */,
				27DB897617780949007BC809 /* ViewControllers */,
				27DB896E177808D3007BC809 /* Category */,
				27DB88AC1777F307007BC809 /* OPAppDelegate.h */,
				27DB88AD1777F307007BC809 /* OPAppDelegate.m */,
				27DB88B51777F307007BC809 /* MainStoryboard.storyboard */,
				27DB88B81777F307007BC809 /* OPViewController.h */,
				27DB88B91777F307007BC809 /* OPViewController.m */,
				27DB8975177808F3007BC809 /* OPCommon.h */,
				27DB88A41777F307007BC809 /* Supporting Files */,
			);
			path = kanxuebbs;
			sourceTree = "<group>";
		};
		27DB88A41777F307007BC809 /* Supporting Files */ = {
			isa = PBXGroup;
			children = (
				2749DF4717BB7525000B6C69 /* postdetail.html */,
				276E315417AFB5E9003BE434 /* thread.html */,
				27DB88A51777F307007BC809 /* kanxuebbs-Info.plist */,
				27DB88A61777F307007BC809 /* InfoPlist.strings */,
				27DB88A91777F307007BC809 /* main.m */,
				27DB88AB1777F307007BC809 /* kanxuebbs-Prefix.pch */,
				27DB88AF1777F307007BC809 /* Default.png */,
				27DB88B11777F307007BC809 /* Default@2x.png */,
				27DB88B31777F307007BC809 /* Default-568h@2x.png */,
			);
			name = "Supporting Files";
			sourceTree = "<group>";
		};
		27DB88C71777F308007BC809 /* kanxuebbsTests */ = {
			isa = PBXGroup;
			children = (
				27DB88CD1777F308007BC809 /* kanxuebbsTests.h */,
				27DB88CE1777F308007BC809 /* kanxuebbsTests.m */,
				27DB88C81777F308007BC809 /* Supporting Files */,
			);
			path = kanxuebbsTests;
			sourceTree = "<group>";
		};
		27DB88C81777F308007BC809 /* Supporting Files */ = {
			isa = PBXGroup;
			children = (
				27DB88C91777F308007BC809 /* kanxuebbsTests-Info.plist */,
				27DB88CA1777F308007BC809 /* InfoPlist.strings */,
			);
			name = "Supporting Files";
			sourceTree = "<group>";
		};
		27DB896E177808D3007BC809 /* Category */ = {
			isa = PBXGroup;
			children = (
				27DB89771778095F007BC809 /* UIViewController+Network.h */,
				27DB89781778095F007BC809 /* UIViewController+Network.m */,
				27DB896F177808E3007BC809 /* NSArray+Safe.h */,
				27DB8970177808E3007BC809 /* NSArray+Safe.m */,
				27DB8971177808E3007BC809 /* NSDictionary+Safe.h */,
				27DB8972177808E3007BC809 /* NSDictionary+Safe.m */,
				FE5745EF17A2CCA000F9CF50 /* UIColor+RGB.h */,
				FE5745F017A2CCA000F9CF50 /* UIColor+RGB.m */,
			);
			name = Category;
			sourceTree = "<group>";
		};
		27DB897617780949007BC809 /* ViewControllers */ = {
			isa = PBXGroup;
			children = (
				27DB898117781156007BC809 /* OPLeftPanelViewController.h */,
				27DB898217781156007BC809 /* OPLeftPanelViewController.m */,
				27DB8984177811D5007BC809 /* OPBoardViewController.h */,
				27DB8985177811D5007BC809 /* OPBoardViewController.m */,
				27DB898A1778197A007BC809 /* OPLoginViewController.h */,
				27DB898B1778197B007BC809 /* OPLoginViewController.m */,
				FE2FCC351778920800B9995C /* OPThreadViewController.h */,
				FE2FCC361778920800B9995C /* OPThreadViewController.m */,
				FE078EE6177C96E2009083D7 /* OPThreadCell.h */,
				FE078EE7177C96E2009083D7 /* OPThreadCell.m */,
				FEFE8793177DC1FB009B3E45 /* OPThreadDetailViewController.h */,
				FEFE8794177DC1FB009B3E45 /* OPThreadDetailViewController.m */,
				2749DF4417BB7213000B6C69 /* OPPostDetailViewController.h */,
				2749DF4517BB7213000B6C69 /* OPPostDetailViewController.m */,
				2749DF4917BB7B42000B6C69 /* OPNewPostViewController.h */,
				2749DF4A17BB7B42000B6C69 /* OPNewPostViewController.m */,
				2749DF4C17BB7B55000B6C69 /* OPReplyPostViewController.h */,
				2749DF4D17BB7B55000B6C69 /* OPReplyPostViewController.m */,
			);
			name = ViewControllers;
			sourceTree = "<group>";
		};
		27DB897A177809BF007BC809 /* DataModel */ = {
			isa = PBXGroup;
			children = (
				27DB897B177809E7007BC809 /* OPGlobalURL.h */,
				27DB897C177809E7007BC809 /* OPGlobalURL.m */,
				27DB898717781605007BC809 /* OPUserManager.h */,
				27DB898817781606007BC809 /* OPUserManager.m */,
				27DB898D17781C3A007BC809 /* OPBBSInterface.h */,
				27DB898E17781C3A007BC809 /* OPBBSInterface.m */,
			);
			name = DataModel;
			sourceTree = "<group>";
		};
/* End PBXGroup section */

/* Begin PBXNativeTarget section */
		27DB88991777F307007BC809 /* kanxuebbs */ = {
			isa = PBXNativeTarget;
			buildConfigurationList = 27DB88D21777F308007BC809 /* Build configuration list for PBXNativeTarget "kanxuebbs" */;
			buildPhases = (
				BECB31C11FA744F7B3C18C07 /* Check Pods Manifest.lock */,
				27DB88961777F307007BC809 /* Sources */,
				27DB88971777F307007BC809 /* Frameworks */,
				27DB88981777F307007BC809 /* Resources */,
				C6138B06DED5443DBF01866C /* Copy Pods Resources */,
			);
			buildRules = (
			);
			dependencies = (
			);
			name = kanxuebbs;
			productName = kanxuebbs;
			productReference = 27DB889A1777F307007BC809 /* kanxuebbs.app */;
			productType = "com.apple.product-type.application";
		};
		27DB88BF1777F308007BC809 /* kanxuebbsTests */ = {
			isa = PBXNativeTarget;
			buildConfigurationList = 27DB88D51777F308007BC809 /* Build configuration list for PBXNativeTarget "kanxuebbsTests" */;
			buildPhases = (
				27DB88BB1777F308007BC809 /* Sources */,
				27DB88BC1777F308007BC809 /* Frameworks */,
				27DB88BD1777F308007BC809 /* Resources */,
				27DB88BE1777F308007BC809 /* ShellScript */,
			);
			buildRules = (
			);
			dependencies = (
				27DB88C61777F308007BC809 /* PBXTargetDependency */,
			);
			name = kanxuebbsTests;
			productName = kanxuebbsTests;
			productReference = 27DB88C01777F308007BC809 /* kanxuebbsTests.octest */;
			productType = "com.apple.product-type.bundle";
		};
/* End PBXNativeTarget section */

/* Begin PBXProject section */
		27DB88921777F307007BC809 /* Project object */ = {
			isa = PBXProject;
			attributes = {
				CLASSPREFIX = OP;
				LastUpgradeCheck = 0460;
				ORGANIZATIONNAME = sgl;
			};
			buildConfigurationList = 27DB88951777F307007BC809 /* Build configuration list for PBXProject "kanxuebbs" */;
			compatibilityVersion = "Xcode 3.2";
			developmentRegion = English;
			hasScannedForEncodings = 0;
			knownRegions = (
				en,
			);
			mainGroup = 27DB88911777F307007BC809;
			productRefGroup = 27DB889B1777F307007BC809 /* Products */;
			projectDirPath = "";
			projectRoot = "";
			targets = (
				27DB88991777F307007BC809 /* kanxuebbs */,
				27DB88BF1777F308007BC809 /* kanxuebbsTests */,
			);
		};
/* End PBXProject section */

/* Begin PBXResourcesBuildPhase section */
		27DB88981777F307007BC809 /* Resources */ = {
			isa = PBXResourcesBuildPhase;
			buildActionMask = 2147483647;
			files = (
				27DB88A81777F307007BC809 /* InfoPlist.strings in Resources */,
				27DB88B01777F307007BC809 /* Default.png in Resources */,
				27DB88B21777F307007BC809 /* Default@2x.png in Resources */,
				27DB88B41777F307007BC809 /* Default-568h@2x.png in Resources */,
				27DB88B71777F307007BC809 /* MainStoryboard.storyboard in Resources */,
				276E315517AFB5E9003BE434 /* thread.html in Resources */,
				2749DF4817BB7525000B6C69 /* postdetail.html in Resources */,
			);
			runOnlyForDeploymentPostprocessing = 0;
		};
		27DB88BD1777F308007BC809 /* Resources */ = {
			isa = PBXResourcesBuildPhase;
			buildActionMask = 2147483647;
			files = (
				27DB88CC1777F308007BC809 /* InfoPlist.strings in Resources */,
			);
			runOnlyForDeploymentPostprocessing = 0;
		};
/* End PBXResourcesBuildPhase section */

/* Begin PBXShellScriptBuildPhase section */
		27DB88BE1777F308007BC809 /* ShellScript */ = {
			isa = PBXShellScriptBuildPhase;
			buildActionMask = 2147483647;
			files = (
			);
			inputPaths = (
			);
			outputPaths = (
			);
			runOnlyForDeploymentPostprocessing = 0;
			shellPath = /bin/sh;
			shellScript = "# Run the unit tests in this test bundle.\n\"${SYSTEM_DEVELOPER_DIR}/Tools/RunUnitTests\"\n";
		};
		BECB31C11FA744F7B3C18C07 /* Check Pods Manifest.lock */ = {
			isa = PBXShellScriptBuildPhase;
			buildActionMask = 2147483647;
			files = (
			);
			inputPaths = (
			);
			name = "Check Pods Manifest.lock";
			outputPaths = (
			);
			runOnlyForDeploymentPostprocessing = 0;
			shellPath = /bin/sh;
			shellScript = "diff \"${PODS_ROOT}/../Podfile.lock\" \"${PODS_ROOT}/Manifest.lock\" > /dev/null\nif [[ $? != 0 ]] ; then\n    cat << EOM\nerror: The sandbox is not in sync with the Podfile.lock. Run 'pod install' or update your CocoaPods installation.\nEOM\n    exit 1\nfi\n";
			showEnvVarsInLog = 0;
		};
		C6138B06DED5443DBF01866C /* Copy Pods Resources */ = {
			isa = PBXShellScriptBuildPhase;
			buildActionMask = 2147483647;
			files = (
			);
			inputPaths = (
			);
			name = "Copy Pods Resources";
			outputPaths = (
			);
			runOnlyForDeploymentPostprocessing = 0;
			shellPath = /bin/sh;
			shellScript = "\"${SRCROOT}/Pods/Pods-resources.sh\"\n";
			showEnvVarsInLog = 0;
		};
/* End PBXShellScriptBuildPhase section */

/* Begin PBXSourcesBuildPhase section */
		27DB88961777F307007BC809 /* Sources */ = {
			isa = PBXSourcesBuildPhase;
			buildActionMask = 2147483647;
			files = (
				27DB88AA1777F307007BC809 /* main.m in Sources */,
				27DB88AE1777F307007BC809 /* OPAppDelegate.m in Sources */,
				27DB88BA1777F307007BC809 /* OPViewController.m in Sources */,
				27DB8973177808E3007BC809 /* NSArray+Safe.m in Sources */,
				27DB8974177808E3007BC809 /* NSDictionary+Safe.m in Sources */,
				27DB89791778095F007BC809 /* UIViewController+Network.m in Sources */,
				27DB897D177809E7007BC809 /* OPGlobalURL.m in Sources */,
				27DB898317781156007BC809 /* OPLeftPanelViewController.m in Sources */,
				27DB8986177811D5007BC809 /* OPBoardViewController.m in Sources */,
				27DB898917781606007BC809 /* OPUserManager.m in Sources */,
				27DB898C1778197B007BC809 /* OPLoginViewController.m in Sources */,
				27DB898F17781C3A007BC809 /* OPBBSInterface.m in Sources */,
				FE2FCC371778920800B9995C /* OPThreadViewController.m in Sources */,
				FE078EE8177C96E2009083D7 /* OPThreadCell.m in Sources */,
				FEFE8795177DC1FB009B3E45 /* OPThreadDetailViewController.m in Sources */,
				FE5745F117A2CCA000F9CF50 /* UIColor+RGB.m in Sources */,
				2749DF4617BB7213000B6C69 /* OPPostDetailViewController.m in Sources */,
				2749DF4B17BB7B42000B6C69 /* OPNewPostViewController.m in Sources */,
				2749DF4E17BB7B55000B6C69 /* OPReplyPostViewController.m in Sources */,
			);
			runOnlyForDeploymentPostprocessing = 0;
		};
		27DB88BB1777F308007BC809 /* Sources */ = {
			isa = PBXSourcesBuildPhase;
			buildActionMask = 2147483647;
			files = (
				27DB88CF1777F308007BC809 /* kanxuebbsTests.m in Sources */,
			);
			runOnlyForDeploymentPostprocessing = 0;
		};
/* End PBXSourcesBuildPhase section */

/* Begin PBXTargetDependency section */
		27DB88C61777F308007BC809 /* PBXTargetDependency */ = {
			isa = PBXTargetDependency;
			target = 27DB88991777F307007BC809 /* kanxuebbs */;
			targetProxy = 27DB88C51777F308007BC809 /* PBXContainerItemProxy */;
		};
/* End PBXTargetDependency section */

/* Begin PBXVariantGroup section */
		27DB88A61777F307007BC809 /* InfoPlist.strings */ = {
			isa = PBXVariantGroup;
			children = (
				27DB88A71777F307007BC809 /* en */,
			);
			name = InfoPlist.strings;
			sourceTree = "<group>";
		};
		27DB88B51777F307007BC809 /* MainStoryboard.storyboard */ = {
			isa = PBXVariantGroup;
			children = (
				27DB88B61777F307007BC809 /* en */,
			);
			name = MainStoryboard.storyboard;
			sourceTree = "<group>";
		};
		27DB88CA1777F308007BC809 /* InfoPlist.strings */ = {
			isa = PBXVariantGroup;
			children = (
				27DB88CB1777F308007BC809 /* en */,
			);
			name = InfoPlist.strings;
			sourceTree = "<group>";
		};
/* End PBXVariantGroup section */

/* Begin XCBuildConfiguration section */
		27DB88D01777F308007BC809 /* Debug */ = {
			isa = XCBuildConfiguration;
			buildSettings = {
				ALWAYS_SEARCH_USER_PATHS = NO;
				CLANG_CXX_LANGUAGE_STANDARD = "gnu++0x";
				CLANG_CXX_LIBRARY = "libc++";
				CLANG_ENABLE_OBJC_ARC = YES;
				CLANG_WARN_CONSTANT_CONVERSION = YES;
				CLANG_WARN_EMPTY_BODY = YES;
				CLANG_WARN_ENUM_CONVERSION = YES;
				CLANG_WARN_INT_CONVERSION = YES;
				CLANG_WARN__DUPLICATE_METHOD_MATCH = YES;
				"CODE_SIGN_IDENTITY[sdk=iphoneos*]" = "iPhone Developer";
				COPY_PHASE_STRIP = NO;
				GCC_C_LANGUAGE_STANDARD = gnu99;
				GCC_DYNAMIC_NO_PIC = NO;
				GCC_OPTIMIZATION_LEVEL = 0;
				GCC_PREPROCESSOR_DEFINITIONS = "DEBUG=1";
				GCC_SYMBOLS_PRIVATE_EXTERN = NO;
				GCC_WARN_ABOUT_RETURN_TYPE = YES;
				GCC_WARN_UNINITIALIZED_AUTOS = YES;
				GCC_WARN_UNUSED_VARIABLE = YES;
				IPHONEOS_DEPLOYMENT_TARGET = 6.0;
				ONLY_ACTIVE_ARCH = YES;
				SDKROOT = iphoneos;
			};
			name = Debug;
		};
		27DB88D11777F308007BC809 /* Release */ = {
			isa = XCBuildConfiguration;
			buildSettings = {
				ALWAYS_SEARCH_USER_PATHS = NO;
				CLANG_CXX_LANGUAGE_STANDARD = "gnu++0x";
				CLANG_CXX_LIBRARY = "libc++";
				CLANG_ENABLE_OBJC_ARC = YES;
				CLANG_WARN_CONSTANT_CONVERSION = YES;
				CLANG_WARN_EMPTY_BODY = YES;
				CLANG_WARN_ENUM_CONVERSION = YES;
				CLANG_WARN_INT_CONVERSION = YES;
				CLANG_WARN__DUPLICATE_METHOD_MATCH = YES;
				"CODE_SIGN_IDENTITY[sdk=iphoneos*]" = "iPhone Developer";
				COPY_PHASE_STRIP = YES;
				GCC_C_LANGUAGE_STANDARD = gnu99;
				GCC_PREPROCESSOR_DEFINITIONS = "";
				GCC_WARN_ABOUT_RETURN_TYPE = YES;
				GCC_WARN_UNINITIALIZED_AUTOS = YES;
				GCC_WARN_UNUSED_VARIABLE = YES;
				IPHONEOS_DEPLOYMENT_TARGET = 6.0;
				OTHER_CFLAGS = "-DNS_BLOCK_ASSERTIONS=1";
				SDKROOT = iphoneos;
				VALIDATE_PRODUCT = YES;
			};
			name = Release;
		};
		27DB88D31777F308007BC809 /* Debug */ = {
			isa = XCBuildConfiguration;
			baseConfigurationReference = 4DE0FD65AC06438692D9206B /* Pods.xcconfig */;
			buildSettings = {
				GCC_PRECOMPILE_PREFIX_HEADER = YES;
				GCC_PREFIX_HEADER = "kanxuebbs/kanxuebbs-Prefix.pch";
				INFOPLIST_FILE = "kanxuebbs/kanxuebbs-Info.plist";
				PRODUCT_NAME = "$(TARGET_NAME)";
				SDKROOT = iphoneos;
				WRAPPER_EXTENSION = app;
			};
			name = Debug;
		};
		27DB88D41777F308007BC809 /* Release */ = {
			isa = XCBuildConfiguration;
			baseConfigurationReference = 4DE0FD65AC06438692D9206B /* Pods.xcconfig */;
			buildSettings = {
				GCC_PRECOMPILE_PREFIX_HEADER = YES;
				GCC_PREFIX_HEADER = "kanxuebbs/kanxuebbs-Prefix.pch";
				INFOPLIST_FILE = "kanxuebbs/kanxuebbs-Info.plist";
				PRODUCT_NAME = "$(TARGET_NAME)";
				SDKROOT = iphoneos;
				WRAPPER_EXTENSION = app;
			};
			name = Release;
		};
		27DB88D61777F308007BC809 /* Debug */ = {
			isa = XCBuildConfiguration;
			buildSettings = {
				BUNDLE_LOADER = "$(BUILT_PRODUCTS_DIR)/kanxuebbs.app/kanxuebbs";
				FRAMEWORK_SEARCH_PATHS = (
					"\"$(SDKROOT)/Developer/Library/Frameworks\"",
					"\"$(DEVELOPER_LIBRARY_DIR)/Frameworks\"",
				);
				GCC_PRECOMPILE_PREFIX_HEADER = YES;
				GCC_PREFIX_HEADER = "kanxuebbs/kanxuebbs-Prefix.pch";
				INFOPLIST_FILE = "kanxuebbsTests/kanxuebbsTests-Info.plist";
				PRODUCT_NAME = "$(TARGET_NAME)";
				TEST_HOST = "$(BUNDLE_LOADER)";
				WRAPPER_EXTENSION = octest;
			};
			name = Debug;
		};
		27DB88D71777F308007BC809 /* Release */ = {
			isa = XCBuildConfiguration;
			buildSettings = {
				BUNDLE_LOADER = "$(BUILT_PRODUCTS_DIR)/kanxuebbs.app/kanxuebbs";
				FRAMEWORK_SEARCH_PATHS = (
					"\"$(SDKROOT)/Developer/Library/Frameworks\"",
					"\"$(DEVELOPER_LIBRARY_DIR)/Frameworks\"",
				);
				GCC_PRECOMPILE_PREFIX_HEADER = YES;
				GCC_PREFIX_HEADER = "kanxuebbs/kanxuebbs-Prefix.pch";
				INFOPLIST_FILE = "kanxuebbsTests/kanxuebbsTests-Info.plist";
				PRODUCT_NAME = "$(TARGET_NAME)";
				TEST_HOST = "$(BUNDLE_LOADER)";
				WRAPPER_EXTENSION = octest;
			};
			name = Release;
		};
/* End XCBuildConfiguration section */

/* Begin XCConfigurationList section */
		27DB88951777F307007BC809 /* Build configuration list for PBXProject "kanxuebbs" */ = {
			isa = XCConfigurationList;
			buildConfigurations = (
				27DB88D01777F308007BC809 /* Debug */,
				27DB88D11777F308007BC809 /* Release */,
			);
			defaultConfigurationIsVisible = 0;
			defaultConfigurationName = Release;
		};
		27DB88D21777F308007BC809 /* Build configuration list for PBXNativeTarget "kanxuebbs" */ = {
			isa = XCConfigurationList;
			buildConfigurations = (
				27DB88D31777F308007BC809 /* Debug */,
				27DB88D41777F308007BC809 /* Release */,
			);
			defaultConfigurationIsVisible = 0;
			defaultConfigurationName = Release;
		};
		27DB88D51777F308007BC809 /* Build configuration list for PBXNativeTarget "kanxuebbsTests" */ = {
			isa = XCConfigurationList;
			buildConfigurations = (
				27DB88D61777F308007BC809 /* Debug */,
				27DB88D71777F308007BC809 /* Release */,
			);
			defaultConfigurationIsVisible = 0;
			defaultConfigurationName = Release;
		};
/* End XCConfigurationList section */
	};
	rootObject = 27DB88921777F307007BC809 /* Project object */;
}
