<?xml version="1.0" encoding="UTF-8"?>
<!DOCTYPE plist PUBLIC "-//Apple//DTD PLIST 1.0//EN" "http://www.apple.com/DTDs/PropertyList-1.0.dtd">
<plist version="1.0">
<dict>
	<key>archiveVersion</key>
	<string>1</string>
	<key>classes</key>
	<dict/>
	<key>objectVersion</key>
	<string>46</string>
	<key>objects</key>
	<dict>
		<key>2749DF4417BB7213000B6C69</key>
		<dict>
			<key>fileEncoding</key>
			<string>4</string>
			<key>isa</key>
			<string>PBXFileReference</string>
			<key>lastKnownFileType</key>
			<string>sourcecode.c.h</string>
			<key>path</key>
			<string>OPPostDetailViewController.h</string>
			<key>sourceTree</key>
			<string>&lt;group&gt;</string>
		</dict>
		<key>2749DF4517BB7213000B6C69</key>
		<dict>
			<key>fileEncoding</key>
			<string>4</string>
			<key>isa</key>
			<string>PBXFileReference</string>
			<key>lastKnownFileType</key>
			<string>sourcecode.c.objc</string>
			<key>path</key>
			<string>OPPostDetailViewController.m</string>
			<key>sourceTree</key>
			<string>&lt;group&gt;</string>
		</dict>
		<key>2749DF4617BB7213000B6C69</key>
		<dict>
			<key>fileRef</key>
			<string>2749DF4517BB7213000B6C69</string>
			<key>isa</key>
			<string>PBXBuildFile</string>
		</dict>
		<key>2749DF4717BB7525000B6C69</key>
		<dict>
			<key>fileEncoding</key>
			<string>4</string>
			<key>isa</key>
			<string>PBXFileReference</string>
			<key>lastKnownFileType</key>
			<string>text.html</string>
			<key>path</key>
			<string>postdetail.html</string>
			<key>sourceTree</key>
			<string>&lt;group&gt;</string>
		</dict>
		<key>2749DF4817BB7525000B6C69</key>
		<dict>
			<key>fileRef</key>
			<string>2749DF4717BB7525000B6C69</string>
			<key>isa</key>
			<string>PBXBuildFile</string>
		</dict>
		<key>2749DF4917BB7B42000B6C69</key>
		<dict>
			<key>fileEncoding</key>
			<string>4</string>
			<key>isa</key>
			<string>PBXFileReference</string>
			<key>lastKnownFileType</key>
			<string>sourcecode.c.h</string>
			<key>path</key>
			<string>OPNewPostViewController.h</string>
			<key>sourceTree</key>
			<string>&lt;group&gt;</string>
		</dict>
		<key>2749DF4A17BB7B42000B6C69</key>
		<dict>
			<key>fileEncoding</key>
			<string>4</string>
			<key>isa</key>
			<string>PBXFileReference</string>
			<key>lastKnownFileType</key>
			<string>sourcecode.c.objc</string>
			<key>path</key>
			<string>OPNewPostViewController.m</string>
			<key>sourceTree</key>
			<string>&lt;group&gt;</string>
		</dict>
		<key>2749DF4B17BB7B42000B6C69</key>
		<dict>
			<key>fileRef</key>
			<string>2749DF4A17BB7B42000B6C69</string>
			<key>isa</key>
			<string>PBXBuildFile</string>
		</dict>
		<key>2749DF4C17BB7B55000B6C69</key>
		<dict>
			<key>fileEncoding</key>
			<string>4</string>
			<key>isa</key>
			<string>PBXFileReference</string>
			<key>lastKnownFileType</key>
			<string>sourcecode.c.h</string>
			<key>path</key>
			<string>OPReplyPostViewController.h</string>
			<key>sourceTree</key>
			<string>&lt;group&gt;</string>
		</dict>
		<key>2749DF4D17BB7B55000B6C69</key>
		<dict>
			<key>fileEncoding</key>
			<string>4</string>
			<key>isa</key>
			<string>PBXFileReference</string>
			<key>lastKnownFileType</key>
			<string>sourcecode.c.objc</string>
			<key>path</key>
			<string>OPReplyPostViewController.m</string>
			<key>sourceTree</key>
			<string>&lt;group&gt;</string>
		</dict>
		<key>2749DF4E17BB7B55000B6C69</key>
		<dict>
			<key>fileRef</key>
			<string>2749DF4D17BB7B55000B6C69</string>
			<key>isa</key>
			<string>PBXBuildFile</string>
		</dict>
		<key>276E315417AFB5E9003BE434</key>
		<dict>
			<key>fileEncoding</key>
			<string>4</string>
			<key>isa</key>
			<string>PBXFileReference</string>
			<key>lastKnownFileType</key>
			<string>text.html</string>
			<key>path</key>
			<string>thread.html</string>
			<key>sourceTree</key>
			<string>&lt;group&gt;</string>
		</dict>
		<key>276E315517AFB5E9003BE434</key>
		<dict>
			<key>fileRef</key>
			<string>276E315417AFB5E9003BE434</string>
			<key>isa</key>
			<string>PBXBuildFile</string>
		</dict>
		<key>27DB88911777F307007BC809</key>
		<dict>
			<key>children</key>
			<array>
				<string>27DB88A31777F307007BC809</string>
				<string>27DB88C71777F308007BC809</string>
				<string>27DB889C1777F307007BC809</string>
				<string>27DB889B1777F307007BC809</string>
				<string>4DE0FD65AC06438692D9206B</string>
			</array>
			<key>isa</key>
			<string>PBXGroup</string>
			<key>sourceTree</key>
			<string>&lt;group&gt;</string>
		</dict>
		<key>27DB88921777F307007BC809</key>
		<dict>
			<key>attributes</key>
			<dict>
				<key>CLASSPREFIX</key>
				<string>OP</string>
				<key>LastUpgradeCheck</key>
				<string>0460</string>
				<key>ORGANIZATIONNAME</key>
				<string>sgl</string>
			</dict>
			<key>buildConfigurationList</key>
			<string>27DB88951777F307007BC809</string>
			<key>compatibilityVersion</key>
			<string>Xcode 3.2</string>
			<key>developmentRegion</key>
			<string>English</string>
			<key>hasScannedForEncodings</key>
			<string>0</string>
			<key>isa</key>
			<string>PBXProject</string>
			<key>knownRegions</key>
			<array>
				<string>en</string>
			</array>
			<key>mainGroup</key>
			<string>27DB88911777F307007BC809</string>
			<key>productRefGroup</key>
			<string>27DB889B1777F307007BC809</string>
			<key>projectDirPath</key>
			<string></string>
			<key>projectReferences</key>
			<array/>
			<key>projectRoot</key>
			<string></string>
			<key>targets</key>
			<array>
				<string>27DB88991777F307007BC809</string>
				<string>27DB88BF1777F308007BC809</string>
			</array>
		</dict>
		<key>27DB88951777F307007BC809</key>
		<dict>
			<key>buildConfigurations</key>
			<array>
				<string>27DB88D01777F308007BC809</string>
				<string>27DB88D11777F308007BC809</string>
			</array>
			<key>defaultConfigurationIsVisible</key>
			<string>0</string>
			<key>defaultConfigurationName</key>
			<string>Release</string>
			<key>isa</key>
			<string>XCConfigurationList</string>
		</dict>
		<key>27DB88961777F307007BC809</key>
		<dict>
			<key>buildActionMask</key>
			<string>2147483647</string>
			<key>files</key>
			<array>
				<string>27DB88AA1777F307007BC809</string>
				<string>27DB88AE1777F307007BC809</string>
				<string>27DB88BA1777F307007BC809</string>
				<string>27DB8973177808E3007BC809</string>
				<string>27DB8974177808E3007BC809</string>
				<string>27DB89791778095F007BC809</string>
				<string>27DB897D177809E7007BC809</string>
				<string>27DB898317781156007BC809</string>
				<string>27DB8986177811D5007BC809</string>
				<string>27DB898917781606007BC809</string>
				<string>27DB898C1778197B007BC809</string>
				<string>27DB898F17781C3A007BC809</string>
				<string>FE2FCC371778920800B9995C</string>
				<string>FE078EE8177C96E2009083D7</string>
				<string>FEFE8795177DC1FB009B3E45</string>
				<string>FE5745F117A2CCA000F9CF50</string>
				<string>2749DF4617BB7213000B6C69</string>
				<string>2749DF4B17BB7B42000B6C69</string>
				<string>2749DF4E17BB7B55000B6C69</string>
			</array>
			<key>isa</key>
			<string>PBXSourcesBuildPhase</string>
			<key>runOnlyForDeploymentPostprocessing</key>
			<string>0</string>
		</dict>
		<key>27DB88971777F307007BC809</key>
		<dict>
			<key>buildActionMask</key>
			<string>2147483647</string>
			<key>files</key>
			<array>
				<string>27DB896D1777FBF7007BC809</string>
				<string>27DB896B1777FB6A007BC809</string>
				<string>27DB89681777FA59007BC809</string>
				<string>27DB89661777FA12007BC809</string>
				<string>27DB89641777FA09007BC809</string>
				<string>27DB89621777F9DA007BC809</string>
				<string>27DB889E1777F307007BC809</string>
				<string>27DB88A01777F307007BC809</string>
				<string>9385F4AE601348EAA5A92F3B</string>
			</array>
			<key>isa</key>
			<string>PBXFrameworksBuildPhase</string>
			<key>runOnlyForDeploymentPostprocessing</key>
			<string>0</string>
		</dict>
		<key>27DB88981777F307007BC809</key>
		<dict>
			<key>buildActionMask</key>
			<string>2147483647</string>
			<key>files</key>
			<array>
				<string>27DB88A81777F307007BC809</string>
				<string>27DB88B01777F307007BC809</string>
				<string>27DB88B21777F307007BC809</string>
				<string>27DB88B41777F307007BC809</string>
				<string>27DB88B71777F307007BC809</string>
				<string>276E315517AFB5E9003BE434</string>
				<string>2749DF4817BB7525000B6C69</string>
			</array>
			<key>isa</key>
			<string>PBXResourcesBuildPhase</string>
			<key>runOnlyForDeploymentPostprocessing</key>
			<string>0</string>
		</dict>
		<key>27DB88991777F307007BC809</key>
		<dict>
			<key>buildConfigurationList</key>
			<string>27DB88D21777F308007BC809</string>
			<key>buildPhases</key>
			<array>
				<string>BECB31C11FA744F7B3C18C07</string>
				<string>27DB88961777F307007BC809</string>
				<string>27DB88971777F307007BC809</string>
				<string>27DB88981777F307007BC809</string>
				<string>C6138B06DED5443DBF01866C</string>
			</array>
			<key>buildRules</key>
			<array/>
			<key>dependencies</key>
			<array/>
			<key>isa</key>
			<string>PBXNativeTarget</string>
			<key>name</key>
			<string>kanxuebbs</string>
			<key>productName</key>
			<string>kanxuebbs</string>
			<key>productReference</key>
			<string>27DB889A1777F307007BC809</string>
			<key>productType</key>
			<string>com.apple.product-type.application</string>
		</dict>
		<key>27DB889A1777F307007BC809</key>
		<dict>
			<key>explicitFileType</key>
			<string>wrapper.application</string>
			<key>includeInIndex</key>
			<string>0</string>
			<key>isa</key>
			<string>PBXFileReference</string>
			<key>path</key>
			<string>kanxuebbs.app</string>
			<key>sourceTree</key>
			<string>BUILT_PRODUCTS_DIR</string>
		</dict>
		<key>27DB889B1777F307007BC809</key>
		<dict>
			<key>children</key>
			<array>
				<string>27DB889A1777F307007BC809</string>
				<string>27DB88C01777F308007BC809</string>
			</array>
			<key>isa</key>
			<string>PBXGroup</string>
			<key>name</key>
			<string>Products</string>
			<key>sourceTree</key>
			<string>&lt;group&gt;</string>
		</dict>
		<key>27DB889C1777F307007BC809</key>
		<dict>
			<key>children</key>
			<array>
				<string>27DB896C1777FBF7007BC809</string>
				<string>27DB89671777FA59007BC809</string>
				<string>27DB89651777FA12007BC809</string>
				<string>27DB89631777FA09007BC809</string>
				<string>27DB89611777F9DA007BC809</string>
				<string>27DB889D1777F307007BC809</string>
				<string>27DB889F1777F307007BC809</string>
				<string>27DB88A11777F307007BC809</string>
				<string>27DB88C11777F308007BC809</string>
				<string>B3A63A5954544524827152B5</string>
			</array>
			<key>isa</key>
			<string>PBXGroup</string>
			<key>name</key>
			<string>Frameworks</string>
			<key>sourceTree</key>
			<string>&lt;group&gt;</string>
		</dict>
		<key>27DB889D1777F307007BC809</key>
		<dict>
			<key>isa</key>
			<string>PBXFileReference</string>
			<key>lastKnownFileType</key>
			<string>wrapper.framework</string>
			<key>name</key>
			<string>UIKit.framework</string>
			<key>path</key>
			<string>System/Library/Frameworks/UIKit.framework</string>
			<key>sourceTree</key>
			<string>SDKROOT</string>
		</dict>
		<key>27DB889E1777F307007BC809</key>
		<dict>
			<key>fileRef</key>
			<string>27DB889D1777F307007BC809</string>
			<key>isa</key>
			<string>PBXBuildFile</string>
		</dict>
		<key>27DB889F1777F307007BC809</key>
		<dict>
			<key>isa</key>
			<string>PBXFileReference</string>
			<key>lastKnownFileType</key>
			<string>wrapper.framework</string>
			<key>name</key>
			<string>Foundation.framework</string>
			<key>path</key>
			<string>System/Library/Frameworks/Foundation.framework</string>
			<key>sourceTree</key>
			<string>SDKROOT</string>
		</dict>
		<key>27DB88A01777F307007BC809</key>
		<dict>
			<key>fileRef</key>
			<string>27DB889F1777F307007BC809</string>
			<key>isa</key>
			<string>PBXBuildFile</string>
		</dict>
		<key>27DB88A11777F307007BC809</key>
		<dict>
			<key>isa</key>
			<string>PBXFileReference</string>
			<key>lastKnownFileType</key>
			<string>wrapper.framework</string>
			<key>name</key>
			<string>CoreGraphics.framework</string>
			<key>path</key>
			<string>System/Library/Frameworks/CoreGraphics.framework</string>
			<key>sourceTree</key>
			<string>SDKROOT</string>
		</dict>
		<key>27DB88A31777F307007BC809</key>
		<dict>
			<key>children</key>
			<array>
				<string>27DB897A177809BF007BC809</string>
				<string>27DB897617780949007BC809</string>
				<string>27DB896E177808D3007BC809</string>
				<string>27DB88AC1777F307007BC809</string>
				<string>27DB88AD1777F307007BC809</string>
				<string>27DB88B51777F307007BC809</string>
				<string>27DB88B81777F307007BC809</string>
				<string>27DB88B91777F307007BC809</string>
				<string>27DB8975177808F3007BC809</string>
				<string>27DB88A41777F307007BC809</string>
			</array>
			<key>isa</key>
			<string>PBXGroup</string>
			<key>path</key>
			<string>kanxuebbs</string>
			<key>sourceTree</key>
			<string>&lt;group&gt;</string>
		</dict>
		<key>27DB88A41777F307007BC809</key>
		<dict>
			<key>children</key>
			<array>
				<string>2749DF4717BB7525000B6C69</string>
				<string>276E315417AFB5E9003BE434</string>
				<string>27DB88A51777F307007BC809</string>
				<string>27DB88A61777F307007BC809</string>
				<string>27DB88A91777F307007BC809</string>
				<string>27DB88AB1777F307007BC809</string>
				<string>27DB88AF1777F307007BC809</string>
				<string>27DB88B11777F307007BC809</string>
				<string>27DB88B31777F307007BC809</string>
			</array>
			<key>isa</key>
			<string>PBXGroup</string>
			<key>name</key>
			<string>Supporting Files</string>
			<key>sourceTree</key>
			<string>&lt;group&gt;</string>
		</dict>
		<key>27DB88A51777F307007BC809</key>
		<dict>
			<key>isa</key>
			<string>PBXFileReference</string>
			<key>lastKnownFileType</key>
			<string>text.plist.xml</string>
			<key>path</key>
			<string>kanxuebbs-Info.plist</string>
			<key>sourceTree</key>
			<string>&lt;group&gt;</string>
		</dict>
		<key>27DB88A61777F307007BC809</key>
		<dict>
			<key>children</key>
			<array>
				<string>27DB88A71777F307007BC809</string>
			</array>
			<key>isa</key>
			<string>PBXVariantGroup</string>
			<key>name</key>
			<string>InfoPlist.strings</string>
			<key>sourceTree</key>
			<string>&lt;group&gt;</string>
		</dict>
		<key>27DB88A71777F307007BC809</key>
		<dict>
			<key>isa</key>
			<string>PBXFileReference</string>
			<key>lastKnownFileType</key>
			<string>text.plist.strings</string>
			<key>name</key>
			<string>en</string>
			<key>path</key>
			<string>en.lproj/InfoPlist.strings</string>
			<key>sourceTree</key>
			<string>&lt;group&gt;</string>
		</dict>
		<key>27DB88A81777F307007BC809</key>
		<dict>
			<key>fileRef</key>
			<string>27DB88A61777F307007BC809</string>
			<key>isa</key>
			<string>PBXBuildFile</string>
		</dict>
		<key>27DB88A91777F307007BC809</key>
		<dict>
			<key>isa</key>
			<string>PBXFileReference</string>
			<key>lastKnownFileType</key>
			<string>sourcecode.c.objc</string>
			<key>path</key>
			<string>main.m</string>
			<key>sourceTree</key>
			<string>&lt;group&gt;</string>
		</dict>
		<key>27DB88AA1777F307007BC809</key>
		<dict>
			<key>fileRef</key>
			<string>27DB88A91777F307007BC809</string>
			<key>isa</key>
			<string>PBXBuildFile</string>
		</dict>
		<key>27DB88AB1777F307007BC809</key>
		<dict>
			<key>isa</key>
			<string>PBXFileReference</string>
			<key>lastKnownFileType</key>
			<string>sourcecode.c.h</string>
			<key>path</key>
			<string>kanxuebbs-Prefix.pch</string>
			<key>sourceTree</key>
			<string>&lt;group&gt;</string>
		</dict>
		<key>27DB88AC1777F307007BC809</key>
		<dict>
			<key>isa</key>
			<string>PBXFileReference</string>
			<key>lastKnownFileType</key>
			<string>sourcecode.c.h</string>
			<key>path</key>
			<string>OPAppDelegate.h</string>
			<key>sourceTree</key>
			<string>&lt;group&gt;</string>
		</dict>
		<key>27DB88AD1777F307007BC809</key>
		<dict>
			<key>isa</key>
			<string>PBXFileReference</string>
			<key>lastKnownFileType</key>
			<string>sourcecode.c.objc</string>
			<key>path</key>
			<string>OPAppDelegate.m</string>
			<key>sourceTree</key>
			<string>&lt;group&gt;</string>
		</dict>
		<key>27DB88AE1777F307007BC809</key>
		<dict>
			<key>fileRef</key>
			<string>27DB88AD1777F307007BC809</string>
			<key>isa</key>
			<string>PBXBuildFile</string>
		</dict>
		<key>27DB88AF1777F307007BC809</key>
		<dict>
			<key>isa</key>
			<string>PBXFileReference</string>
			<key>lastKnownFileType</key>
			<string>image.png</string>
			<key>path</key>
			<string>Default.png</string>
			<key>sourceTree</key>
			<string>&lt;group&gt;</string>
		</dict>
		<key>27DB88B01777F307007BC809</key>
		<dict>
			<key>fileRef</key>
			<string>27DB88AF1777F307007BC809</string>
			<key>isa</key>
			<string>PBXBuildFile</string>
		</dict>
		<key>27DB88B11777F307007BC809</key>
		<dict>
			<key>isa</key>
			<string>PBXFileReference</string>
			<key>lastKnownFileType</key>
			<string>image.png</string>
			<key>path</key>
			<string>Default@2x.png</string>
			<key>sourceTree</key>
			<string>&lt;group&gt;</string>
		</dict>
		<key>27DB88B21777F307007BC809</key>
		<dict>
			<key>fileRef</key>
			<string>27DB88B11777F307007BC809</string>
			<key>isa</key>
			<string>PBXBuildFile</string>
		</dict>
		<key>27DB88B31777F307007BC809</key>
		<dict>
			<key>isa</key>
			<string>PBXFileReference</string>
			<key>lastKnownFileType</key>
			<string>image.png</string>
			<key>path</key>
			<string>Default-568h@2x.png</string>
			<key>sourceTree</key>
			<string>&lt;group&gt;</string>
		</dict>
		<key>27DB88B41777F307007BC809</key>
		<dict>
			<key>fileRef</key>
			<string>27DB88B31777F307007BC809</string>
			<key>isa</key>
			<string>PBXBuildFile</string>
		</dict>
		<key>27DB88B51777F307007BC809</key>
		<dict>
			<key>children</key>
			<array>
				<string>27DB88B61777F307007BC809</string>
			</array>
			<key>isa</key>
			<string>PBXVariantGroup</string>
			<key>name</key>
			<string>MainStoryboard.storyboard</string>
			<key>sourceTree</key>
			<string>&lt;group&gt;</string>
		</dict>
		<key>27DB88B61777F307007BC809</key>
		<dict>
			<key>isa</key>
			<string>PBXFileReference</string>
			<key>lastKnownFileType</key>
			<string>file.storyboard</string>
			<key>name</key>
			<string>en</string>
			<key>path</key>
			<string>en.lproj/MainStoryboard.storyboard</string>
			<key>sourceTree</key>
			<string>&lt;group&gt;</string>
		</dict>
		<key>27DB88B71777F307007BC809</key>
		<dict>
			<key>fileRef</key>
			<string>27DB88B51777F307007BC809</string>
			<key>isa</key>
			<string>PBXBuildFile</string>
		</dict>
		<key>27DB88B81777F307007BC809</key>
		<dict>
			<key>isa</key>
			<string>PBXFileReference</string>
			<key>lastKnownFileType</key>
			<string>sourcecode.c.h</string>
			<key>path</key>
			<string>OPViewController.h</string>
			<key>sourceTree</key>
			<string>&lt;group&gt;</string>
		</dict>
		<key>27DB88B91777F307007BC809</key>
		<dict>
			<key>isa</key>
			<string>PBXFileReference</string>
			<key>lastKnownFileType</key>
			<string>sourcecode.c.objc</string>
			<key>path</key>
			<string>OPViewController.m</string>
			<key>sourceTree</key>
			<string>&lt;group&gt;</string>
		</dict>
		<key>27DB88BA1777F307007BC809</key>
		<dict>
			<key>fileRef</key>
			<string>27DB88B91777F307007BC809</string>
			<key>isa</key>
			<string>PBXBuildFile</string>
		</dict>
		<key>27DB88BB1777F308007BC809</key>
		<dict>
			<key>buildActionMask</key>
			<string>2147483647</string>
			<key>files</key>
			<array>
				<string>27DB88CF1777F308007BC809</string>
			</array>
			<key>isa</key>
			<string>PBXSourcesBuildPhase</string>
			<key>runOnlyForDeploymentPostprocessing</key>
			<string>0</string>
		</dict>
		<key>27DB88BC1777F308007BC809</key>
		<dict>
			<key>buildActionMask</key>
			<string>2147483647</string>
			<key>files</key>
			<array>
				<string>27DB88C21777F308007BC809</string>
				<string>27DB88C31777F308007BC809</string>
				<string>27DB88C41777F308007BC809</string>
			</array>
			<key>isa</key>
			<string>PBXFrameworksBuildPhase</string>
			<key>runOnlyForDeploymentPostprocessing</key>
			<string>0</string>
		</dict>
		<key>27DB88BD1777F308007BC809</key>
		<dict>
			<key>buildActionMask</key>
			<string>2147483647</string>
			<key>files</key>
			<array>
				<string>27DB88CC1777F308007BC809</string>
			</array>
			<key>isa</key>
			<string>PBXResourcesBuildPhase</string>
			<key>runOnlyForDeploymentPostprocessing</key>
			<string>0</string>
		</dict>
		<key>27DB88BE1777F308007BC809</key>
		<dict>
			<key>buildActionMask</key>
			<string>2147483647</string>
			<key>files</key>
			<array/>
			<key>inputPaths</key>
			<array/>
			<key>isa</key>
			<string>PBXShellScriptBuildPhase</string>
			<key>outputPaths</key>
			<array/>
			<key>runOnlyForDeploymentPostprocessing</key>
			<string>0</string>
			<key>shellPath</key>
			<string>/bin/sh</string>
			<key>shellScript</key>
			<string># Run the unit tests in this test bundle.
"${SYSTEM_DEVELOPER_DIR}/Tools/RunUnitTests"
</string>
		</dict>
		<key>27DB88BF1777F308007BC809</key>
		<dict>
			<key>buildConfigurationList</key>
			<string>27DB88D51777F308007BC809</string>
			<key>buildPhases</key>
			<array>
				<string>27DB88BB1777F308007BC809</string>
				<string>27DB88BC1777F308007BC809</string>
				<string>27DB88BD1777F308007BC809</string>
				<string>27DB88BE1777F308007BC809</string>
			</array>
			<key>buildRules</key>
			<array/>
			<key>dependencies</key>
			<array>
				<string>27DB88C61777F308007BC809</string>
			</array>
			<key>isa</key>
			<string>PBXNativeTarget</string>
			<key>name</key>
			<string>kanxuebbsTests</string>
			<key>productName</key>
			<string>kanxuebbsTests</string>
			<key>productReference</key>
			<string>27DB88C01777F308007BC809</string>
			<key>productType</key>
			<string>com.apple.product-type.bundle</string>
		</dict>
		<key>27DB88C01777F308007BC809</key>
		<dict>
			<key>explicitFileType</key>
			<string>wrapper.cfbundle</string>
			<key>includeInIndex</key>
			<string>0</string>
			<key>isa</key>
			<string>PBXFileReference</string>
			<key>path</key>
			<string>kanxuebbsTests.octest</string>
			<key>sourceTree</key>
			<string>BUILT_PRODUCTS_DIR</string>
		</dict>
		<key>27DB88C11777F308007BC809</key>
		<dict>
			<key>isa</key>
			<string>PBXFileReference</string>
			<key>lastKnownFileType</key>
			<string>wrapper.framework</string>
			<key>name</key>
			<string>SenTestingKit.framework</string>
			<key>path</key>
			<string>Library/Frameworks/SenTestingKit.framework</string>
			<key>sourceTree</key>
			<string>DEVELOPER_DIR</string>
		</dict>
		<key>27DB88C21777F308007BC809</key>
		<dict>
			<key>fileRef</key>
			<string>27DB88C11777F308007BC809</string>
			<key>isa</key>
			<string>PBXBuildFile</string>
		</dict>
		<key>27DB88C31777F308007BC809</key>
		<dict>
			<key>fileRef</key>
			<string>27DB889D1777F307007BC809</string>
			<key>isa</key>
			<string>PBXBuildFile</string>
		</dict>
		<key>27DB88C41777F308007BC809</key>
		<dict>
			<key>fileRef</key>
			<string>27DB889F1777F307007BC809</string>
			<key>isa</key>
			<string>PBXBuildFile</string>
		</dict>
		<key>27DB88C51777F308007BC809</key>
		<dict>
			<key>containerPortal</key>
			<string>27DB88921777F307007BC809</string>
			<key>isa</key>
			<string>PBXContainerItemProxy</string>
			<key>proxyType</key>
			<string>1</string>
			<key>remoteGlobalIDString</key>
			<string>27DB88991777F307007BC809</string>
			<key>remoteInfo</key>
			<string>kanxuebbs</string>
		</dict>
		<key>27DB88C61777F308007BC809</key>
		<dict>
			<key>isa</key>
			<string>PBXTargetDependency</string>
			<key>target</key>
			<string>27DB88991777F307007BC809</string>
			<key>targetProxy</key>
			<string>27DB88C51777F308007BC809</string>
		</dict>
		<key>27DB88C71777F308007BC809</key>
		<dict>
			<key>children</key>
			<array>
				<string>27DB88CD1777F308007BC809</string>
				<string>27DB88CE1777F308007BC809</string>
				<string>27DB88C81777F308007BC809</string>
			</array>
			<key>isa</key>
			<string>PBXGroup</string>
			<key>path</key>
			<string>kanxuebbsTests</string>
			<key>sourceTree</key>
			<string>&lt;group&gt;</string>
		</dict>
		<key>27DB88C81777F308007BC809</key>
		<dict>
			<key>children</key>
			<array>
				<string>27DB88C91777F308007BC809</string>
				<string>27DB88CA1777F308007BC809</string>
			</array>
			<key>isa</key>
			<string>PBXGroup</string>
			<key>name</key>
			<string>Supporting Files</string>
			<key>sourceTree</key>
			<string>&lt;group&gt;</string>
		</dict>
		<key>27DB88C91777F308007BC809</key>
		<dict>
			<key>isa</key>
			<string>PBXFileReference</string>
			<key>lastKnownFileType</key>
			<string>text.plist.xml</string>
			<key>path</key>
			<string>kanxuebbsTests-Info.plist</string>
			<key>sourceTree</key>
			<string>&lt;group&gt;</string>
		</dict>
		<key>27DB88CA1777F308007BC809</key>
		<dict>
			<key>children</key>
			<array>
				<string>27DB88CB1777F308007BC809</string>
			</array>
			<key>isa</key>
			<string>PBXVariantGroup</string>
			<key>name</key>
			<string>InfoPlist.strings</string>
			<key>sourceTree</key>
			<string>&lt;group&gt;</string>
		</dict>
		<key>27DB88CB1777F308007BC809</key>
		<dict>
			<key>isa</key>
			<string>PBXFileReference</string>
			<key>lastKnownFileType</key>
			<string>text.plist.strings</string>
			<key>name</key>
			<string>en</string>
			<key>path</key>
			<string>en.lproj/InfoPlist.strings</string>
			<key>sourceTree</key>
			<string>&lt;group&gt;</string>
		</dict>
		<key>27DB88CC1777F308007BC809</key>
		<dict>
			<key>fileRef</key>
			<string>27DB88CA1777F308007BC809</string>
			<key>isa</key>
			<string>PBXBuildFile</string>
		</dict>
		<key>27DB88CD1777F308007BC809</key>
		<dict>
			<key>isa</key>
			<string>PBXFileReference</string>
			<key>lastKnownFileType</key>
			<string>sourcecode.c.h</string>
			<key>path</key>
			<string>kanxuebbsTests.h</string>
			<key>sourceTree</key>
			<string>&lt;group&gt;</string>
		</dict>
		<key>27DB88CE1777F308007BC809</key>
		<dict>
			<key>isa</key>
			<string>PBXFileReference</string>
			<key>lastKnownFileType</key>
			<string>sourcecode.c.objc</string>
			<key>path</key>
			<string>kanxuebbsTests.m</string>
			<key>sourceTree</key>
			<string>&lt;group&gt;</string>
		</dict>
		<key>27DB88CF1777F308007BC809</key>
		<dict>
			<key>fileRef</key>
			<string>27DB88CE1777F308007BC809</string>
			<key>isa</key>
			<string>PBXBuildFile</string>
		</dict>
		<key>27DB88D01777F308007BC809</key>
		<dict>
			<key>buildSettings</key>
			<dict>
				<key>ALWAYS_SEARCH_USER_PATHS</key>
				<string>NO</string>
				<key>CLANG_CXX_LANGUAGE_STANDARD</key>
				<string>gnu++0x</string>
				<key>CLANG_CXX_LIBRARY</key>
				<string>libc++</string>
				<key>CLANG_ENABLE_OBJC_ARC</key>
				<string>YES</string>
				<key>CLANG_WARN_CONSTANT_CONVERSION</key>
				<string>YES</string>
				<key>CLANG_WARN_EMPTY_BODY</key>
				<string>YES</string>
				<key>CLANG_WARN_ENUM_CONVERSION</key>
				<string>YES</string>
				<key>CLANG_WARN_INT_CONVERSION</key>
				<string>YES</string>
				<key>CLANG_WARN__DUPLICATE_METHOD_MATCH</key>
				<string>YES</string>
				<key>CODE_SIGN_IDENTITY[sdk=iphoneos*]</key>
				<string>iPhone Developer</string>
				<key>COPY_PHASE_STRIP</key>
				<string>NO</string>
				<key>GCC_C_LANGUAGE_STANDARD</key>
				<string>gnu99</string>
				<key>GCC_DYNAMIC_NO_PIC</key>
				<string>NO</string>
				<key>GCC_OPTIMIZATION_LEVEL</key>
				<string>0</string>
				<key>GCC_PREPROCESSOR_DEFINITIONS</key>
				<string>DEBUG=1</string>
				<key>GCC_SYMBOLS_PRIVATE_EXTERN</key>
				<string>NO</string>
				<key>GCC_WARN_ABOUT_RETURN_TYPE</key>
				<string>YES</string>
				<key>GCC_WARN_UNINITIALIZED_AUTOS</key>
				<string>YES</string>
				<key>GCC_WARN_UNUSED_VARIABLE</key>
				<string>YES</string>
				<key>IPHONEOS_DEPLOYMENT_TARGET</key>
				<string>6.0</string>
				<key>ONLY_ACTIVE_ARCH</key>
				<string>YES</string>
				<key>SDKROOT</key>
				<string>iphoneos</string>
			</dict>
			<key>isa</key>
			<string>XCBuildConfiguration</string>
			<key>name</key>
			<string>Debug</string>
		</dict>
		<key>27DB88D11777F308007BC809</key>
		<dict>
			<key>buildSettings</key>
			<dict>
				<key>ALWAYS_SEARCH_USER_PATHS</key>
				<string>NO</string>
				<key>CLANG_CXX_LANGUAGE_STANDARD</key>
				<string>gnu++0x</string>
				<key>CLANG_CXX_LIBRARY</key>
				<string>libc++</string>
				<key>CLANG_ENABLE_OBJC_ARC</key>
				<string>YES</string>
				<key>CLANG_WARN_CONSTANT_CONVERSION</key>
				<string>YES</string>
				<key>CLANG_WARN_EMPTY_BODY</key>
				<string>YES</string>
				<key>CLANG_WARN_ENUM_CONVERSION</key>
				<string>YES</string>
				<key>CLANG_WARN_INT_CONVERSION</key>
				<string>YES</string>
				<key>CLANG_WARN__DUPLICATE_METHOD_MATCH</key>
				<string>YES</string>
				<key>CODE_SIGN_IDENTITY[sdk=iphoneos*]</key>
				<string>iPhone Developer</string>
				<key>COPY_PHASE_STRIP</key>
				<string>YES</string>
				<key>GCC_C_LANGUAGE_STANDARD</key>
				<string>gnu99</string>
				<key>GCC_PREPROCESSOR_DEFINITIONS</key>
				<string></string>
				<key>GCC_WARN_ABOUT_RETURN_TYPE</key>
				<string>YES</string>
				<key>GCC_WARN_UNINITIALIZED_AUTOS</key>
				<string>YES</string>
				<key>GCC_WARN_UNUSED_VARIABLE</key>
				<string>YES</string>
				<key>IPHONEOS_DEPLOYMENT_TARGET</key>
				<string>6.0</string>
				<key>OTHER_CFLAGS</key>
				<string>-DNS_BLOCK_ASSERTIONS=1</string>
				<key>SDKROOT</key>
				<string>iphoneos</string>
				<key>VALIDATE_PRODUCT</key>
				<string>YES</string>
			</dict>
			<key>isa</key>
			<string>XCBuildConfiguration</string>
			<key>name</key>
			<string>Release</string>
		</dict>
		<key>27DB88D21777F308007BC809</key>
		<dict>
			<key>buildConfigurations</key>
			<array>
				<string>27DB88D31777F308007BC809</string>
				<string>27DB88D41777F308007BC809</string>
			</array>
			<key>defaultConfigurationIsVisible</key>
			<string>0</string>
			<key>defaultConfigurationName</key>
			<string>Release</string>
			<key>isa</key>
			<string>XCConfigurationList</string>
		</dict>
		<key>27DB88D31777F308007BC809</key>
		<dict>
			<key>baseConfigurationReference</key>
			<string>4DE0FD65AC06438692D9206B</string>
			<key>buildSettings</key>
			<dict>
				<key>GCC_PRECOMPILE_PREFIX_HEADER</key>
				<string>YES</string>
				<key>GCC_PREFIX_HEADER</key>
				<string>kanxuebbs/kanxuebbs-Prefix.pch</string>
				<key>INFOPLIST_FILE</key>
				<string>kanxuebbs/kanxuebbs-Info.plist</string>
				<key>PRODUCT_NAME</key>
				<string>$(TARGET_NAME)</string>
				<key>SDKROOT</key>
				<string>iphoneos</string>
				<key>WRAPPER_EXTENSION</key>
				<string>app</string>
			</dict>
			<key>isa</key>
			<string>XCBuildConfiguration</string>
			<key>name</key>
			<string>Debug</string>
		</dict>
		<key>27DB88D41777F308007BC809</key>
		<dict>
			<key>baseConfigurationReference</key>
			<string>4DE0FD65AC06438692D9206B</string>
			<key>buildSettings</key>
			<dict>
				<key>GCC_PRECOMPILE_PREFIX_HEADER</key>
				<string>YES</string>
				<key>GCC_PREFIX_HEADER</key>
				<string>kanxuebbs/kanxuebbs-Prefix.pch</string>
				<key>INFOPLIST_FILE</key>
				<string>kanxuebbs/kanxuebbs-Info.plist</string>
				<key>PRODUCT_NAME</key>
				<string>$(TARGET_NAME)</string>
				<key>SDKROOT</key>
				<string>iphoneos</string>
				<key>WRAPPER_EXTENSION</key>
				<string>app</string>
			</dict>
			<key>isa</key>
			<string>XCBuildConfiguration</string>
			<key>name</key>
			<string>Release</string>
		</dict>
		<key>27DB88D51777F308007BC809</key>
		<dict>
			<key>buildConfigurations</key>
			<array>
				<string>27DB88D61777F308007BC809</string>
				<string>27DB88D71777F308007BC809</string>
			</array>
			<key>defaultConfigurationIsVisible</key>
			<string>0</string>
			<key>defaultConfigurationName</key>
			<string>Release</string>
			<key>isa</key>
			<string>XCConfigurationList</string>
		</dict>
		<key>27DB88D61777F308007BC809</key>
		<dict>
			<key>buildSettings</key>
			<dict>
				<key>BUNDLE_LOADER</key>
				<string>$(BUILT_PRODUCTS_DIR)/kanxuebbs.app/kanxuebbs</string>
				<key>FRAMEWORK_SEARCH_PATHS</key>
				<array>
					<string>"$(SDKROOT)/Developer/Library/Frameworks"</string>
					<string>"$(DEVELOPER_LIBRARY_DIR)/Frameworks"</string>
				</array>
				<key>GCC_PRECOMPILE_PREFIX_HEADER</key>
				<string>YES</string>
				<key>GCC_PREFIX_HEADER</key>
				<string>kanxuebbs/kanxuebbs-Prefix.pch</string>
				<key>INFOPLIST_FILE</key>
				<string>kanxuebbsTests/kanxuebbsTests-Info.plist</string>
				<key>PRODUCT_NAME</key>
				<string>$(TARGET_NAME)</string>
				<key>TEST_HOST</key>
				<string>$(BUNDLE_LOADER)</string>
				<key>WRAPPER_EXTENSION</key>
				<string>octest</string>
			</dict>
			<key>isa</key>
			<string>XCBuildConfiguration</string>
			<key>name</key>
			<string>Debug</string>
		</dict>
		<key>27DB88D71777F308007BC809</key>
		<dict>
			<key>buildSettings</key>
			<dict>
				<key>BUNDLE_LOADER</key>
				<string>$(BUILT_PRODUCTS_DIR)/kanxuebbs.app/kanxuebbs</string>
				<key>FRAMEWORK_SEARCH_PATHS</key>
				<array>
					<string>"$(SDKROOT)/Developer/Library/Frameworks"</string>
					<string>"$(DEVELOPER_LIBRARY_DIR)/Frameworks"</string>
				</array>
				<key>GCC_PRECOMPILE_PREFIX_HEADER</key>
				<string>YES</string>
				<key>GCC_PREFIX_HEADER</key>
				<string>kanxuebbs/kanxuebbs-Prefix.pch</string>
				<key>INFOPLIST_FILE</key>
				<string>kanxuebbsTests/kanxuebbsTests-Info.plist</string>
				<key>PRODUCT_NAME</key>
				<string>$(TARGET_NAME)</string>
				<key>TEST_HOST</key>
				<string>$(BUNDLE_LOADER)</string>
				<key>WRAPPER_EXTENSION</key>
				<string>octest</string>
			</dict>
			<key>isa</key>
			<string>XCBuildConfiguration</string>
			<key>name</key>
			<string>Release</string>
		</dict>
		<key>27DB89611777F9DA007BC809</key>
		<dict>
			<key>isa</key>
			<string>PBXFileReference</string>
			<key>lastKnownFileType</key>
			<string>wrapper.framework</string>
			<key>name</key>
			<string>ImageIO.framework</string>
			<key>path</key>
			<string>System/Library/Frameworks/ImageIO.framework</string>
			<key>sourceTree</key>
			<string>SDKROOT</string>
		</dict>
		<key>27DB89621777F9DA007BC809</key>
		<dict>
			<key>fileRef</key>
			<string>27DB89611777F9DA007BC809</string>
			<key>isa</key>
			<string>PBXBuildFile</string>
		</dict>
		<key>27DB89631777FA09007BC809</key>
		<dict>
			<key>isa</key>
			<string>PBXFileReference</string>
			<key>lastKnownFileType</key>
			<string>wrapper.framework</string>
			<key>name</key>
			<string>SystemConfiguration.framework</string>
			<key>path</key>
			<string>System/Library/Frameworks/SystemConfiguration.framework</string>
			<key>sourceTree</key>
			<string>SDKROOT</string>
		</dict>
		<key>27DB89641777FA09007BC809</key>
		<dict>
			<key>fileRef</key>
			<string>27DB89631777FA09007BC809</string>
			<key>isa</key>
			<string>PBXBuildFile</string>
		</dict>
		<key>27DB89651777FA12007BC809</key>
		<dict>
			<key>isa</key>
			<string>PBXFileReference</string>
			<key>lastKnownFileType</key>
			<string>wrapper.framework</string>
			<key>name</key>
			<string>MobileCoreServices.framework</string>
			<key>path</key>
			<string>System/Library/Frameworks/MobileCoreServices.framework</string>
			<key>sourceTree</key>
			<string>SDKROOT</string>
		</dict>
		<key>27DB89661777FA12007BC809</key>
		<dict>
			<key>fileRef</key>
			<string>27DB89651777FA12007BC809</string>
			<key>isa</key>
			<string>PBXBuildFile</string>
		</dict>
		<key>27DB89671777FA59007BC809</key>
		<dict>
			<key>isa</key>
			<string>PBXFileReference</string>
			<key>lastKnownFileType</key>
			<string>wrapper.framework</string>
			<key>name</key>
			<string>QuartzCore.framework</string>
			<key>path</key>
			<string>System/Library/Frameworks/QuartzCore.framework</string>
			<key>sourceTree</key>
			<string>SDKROOT</string>
		</dict>
		<key>27DB89681777FA59007BC809</key>
		<dict>
			<key>fileRef</key>
			<string>27DB89671777FA59007BC809</string>
			<key>isa</key>
			<string>PBXBuildFile</string>
		</dict>
		<key>27DB896B1777FB6A007BC809</key>
		<dict>
			<key>fileRef</key>
			<string>27DB88A11777F307007BC809</string>
			<key>isa</key>
			<string>PBXBuildFile</string>
		</dict>
		<key>27DB896C1777FBF7007BC809</key>
		<dict>
			<key>isa</key>
			<string>PBXFileReference</string>
			<key>lastKnownFileType</key>
			<string>wrapper.framework</string>
			<key>name</key>
			<string>MessageUI.framework</string>
			<key>path</key>
			<string>System/Library/Frameworks/MessageUI.framework</string>
			<key>sourceTree</key>
			<string>SDKROOT</string>
		</dict>
		<key>27DB896D1777FBF7007BC809</key>
		<dict>
			<key>fileRef</key>
			<string>27DB896C1777FBF7007BC809</string>
			<key>isa</key>
			<string>PBXBuildFile</string>
		</dict>
		<key>27DB896E177808D3007BC809</key>
		<dict>
			<key>children</key>
			<array>
				<string>27DB89771778095F007BC809</string>
				<string>27DB89781778095F007BC809</string>
				<string>27DB896F177808E3007BC809</string>
				<string>27DB8970177808E3007BC809</string>
				<string>27DB8971177808E3007BC809</string>
				<string>27DB8972177808E3007BC809</string>
				<string>FE5745EF17A2CCA000F9CF50</string>
				<string>FE5745F017A2CCA000F9CF50</string>
			</array>
			<key>isa</key>
			<string>PBXGroup</string>
			<key>name</key>
			<string>Category</string>
			<key>sourceTree</key>
			<string>&lt;group&gt;</string>
		</dict>
		<key>27DB896F177808E3007BC809</key>
		<dict>
			<key>fileEncoding</key>
			<string>4</string>
			<key>isa</key>
			<string>PBXFileReference</string>
			<key>lastKnownFileType</key>
			<string>sourcecode.c.h</string>
			<key>path</key>
			<string>NSArray+Safe.h</string>
			<key>sourceTree</key>
			<string>&lt;group&gt;</string>
		</dict>
		<key>27DB8970177808E3007BC809</key>
		<dict>
			<key>fileEncoding</key>
			<string>4</string>
			<key>isa</key>
			<string>PBXFileReference</string>
			<key>lastKnownFileType</key>
			<string>sourcecode.c.objc</string>
			<key>path</key>
			<string>NSArray+Safe.m</string>
			<key>sourceTree</key>
			<string>&lt;group&gt;</string>
		</dict>
		<key>27DB8971177808E3007BC809</key>
		<dict>
			<key>fileEncoding</key>
			<string>4</string>
			<key>isa</key>
			<string>PBXFileReference</string>
			<key>lastKnownFileType</key>
			<string>sourcecode.c.h</string>
			<key>path</key>
			<string>NSDictionary+Safe.h</string>
			<key>sourceTree</key>
			<string>&lt;group&gt;</string>
		</dict>
		<key>27DB8972177808E3007BC809</key>
		<dict>
			<key>fileEncoding</key>
			<string>4</string>
			<key>isa</key>
			<string>PBXFileReference</string>
			<key>lastKnownFileType</key>
			<string>sourcecode.c.objc</string>
			<key>path</key>
			<string>NSDictionary+Safe.m</string>
			<key>sourceTree</key>
			<string>&lt;group&gt;</string>
		</dict>
		<key>27DB8973177808E3007BC809</key>
		<dict>
			<key>fileRef</key>
			<string>27DB8970177808E3007BC809</string>
			<key>isa</key>
			<string>PBXBuildFile</string>
		</dict>
		<key>27DB8974177808E3007BC809</key>
		<dict>
			<key>fileRef</key>
			<string>27DB8972177808E3007BC809</string>
			<key>isa</key>
			<string>PBXBuildFile</string>
		</dict>
		<key>27DB8975177808F3007BC809</key>
		<dict>
			<key>fileEncoding</key>
			<string>4</string>
			<key>isa</key>
			<string>PBXFileReference</string>
			<key>lastKnownFileType</key>
			<string>sourcecode.c.h</string>
			<key>path</key>
			<string>OPCommon.h</string>
			<key>sourceTree</key>
			<string>&lt;group&gt;</string>
		</dict>
		<key>27DB897617780949007BC809</key>
		<dict>
			<key>children</key>
			<array>
				<string>27DB898117781156007BC809</string>
				<string>27DB898217781156007BC809</string>
				<string>27DB8984177811D5007BC809</string>
				<string>27DB8985177811D5007BC809</string>
				<string>27DB898A1778197A007BC809</string>
				<string>27DB898B1778197B007BC809</string>
				<string>FE2FCC351778920800B9995C</string>
				<string>FE2FCC361778920800B9995C</string>
				<string>FE078EE6177C96E2009083D7</string>
				<string>FE078EE7177C96E2009083D7</string>
				<string>FEFE8793177DC1FB009B3E45</string>
				<string>FEFE8794177DC1FB009B3E45</string>
				<string>2749DF4417BB7213000B6C69</string>
				<string>2749DF4517BB7213000B6C69</string>
				<string>2749DF4917BB7B42000B6C69</string>
				<string>2749DF4A17BB7B42000B6C69</string>
				<string>2749DF4C17BB7B55000B6C69</string>
				<string>2749DF4D17BB7B55000B6C69</string>
			</array>
			<key>isa</key>
			<string>PBXGroup</string>
			<key>name</key>
			<string>ViewControllers</string>
			<key>sourceTree</key>
			<string>&lt;group&gt;</string>
		</dict>
		<key>27DB89771778095F007BC809</key>
		<dict>
			<key>fileEncoding</key>
			<string>4</string>
			<key>isa</key>
			<string>PBXFileReference</string>
			<key>lastKnownFileType</key>
			<string>sourcecode.c.h</string>
			<key>path</key>
			<string>UIViewController+Network.h</string>
			<key>sourceTree</key>
			<string>&lt;group&gt;</string>
		</dict>
		<key>27DB89781778095F007BC809</key>
		<dict>
			<key>fileEncoding</key>
			<string>4</string>
			<key>isa</key>
			<string>PBXFileReference</string>
			<key>lastKnownFileType</key>
			<string>sourcecode.c.objc</string>
			<key>path</key>
			<string>UIViewController+Network.m</string>
			<key>sourceTree</key>
			<string>&lt;group&gt;</string>
		</dict>
		<key>27DB89791778095F007BC809</key>
		<dict>
			<key>fileRef</key>
			<string>27DB89781778095F007BC809</string>
			<key>isa</key>
			<string>PBXBuildFile</string>
		</dict>
		<key>27DB897A177809BF007BC809</key>
		<dict>
			<key>children</key>
			<array>
				<string>27DB897B177809E7007BC809</string>
				<string>27DB897C177809E7007BC809</string>
				<string>27DB898717781605007BC809</string>
				<string>27DB898817781606007BC809</string>
				<string>27DB898D17781C3A007BC809</string>
				<string>27DB898E17781C3A007BC809</string>
			</array>
			<key>isa</key>
			<string>PBXGroup</string>
			<key>name</key>
			<string>DataModel</string>
			<key>sourceTree</key>
			<string>&lt;group&gt;</string>
		</dict>
		<key>27DB897B177809E7007BC809</key>
		<dict>
			<key>fileEncoding</key>
			<string>4</string>
			<key>isa</key>
			<string>PBXFileReference</string>
			<key>lastKnownFileType</key>
			<string>sourcecode.c.h</string>
			<key>path</key>
			<string>OPGlobalURL.h</string>
			<key>sourceTree</key>
			<string>&lt;group&gt;</string>
		</dict>
		<key>27DB897C177809E7007BC809</key>
		<dict>
			<key>fileEncoding</key>
			<string>4</string>
			<key>isa</key>
			<string>PBXFileReference</string>
			<key>lastKnownFileType</key>
			<string>sourcecode.c.objc</string>
			<key>path</key>
			<string>OPGlobalURL.m</string>
			<key>sourceTree</key>
			<string>&lt;group&gt;</string>
		</dict>
		<key>27DB897D177809E7007BC809</key>
		<dict>
			<key>fileRef</key>
			<string>27DB897C177809E7007BC809</string>
			<key>isa</key>
			<string>PBXBuildFile</string>
		</dict>
		<key>27DB898117781156007BC809</key>
		<dict>
			<key>fileEncoding</key>
			<string>4</string>
			<key>isa</key>
			<string>PBXFileReference</string>
			<key>lastKnownFileType</key>
			<string>sourcecode.c.h</string>
			<key>path</key>
			<string>OPLeftPanelViewController.h</string>
			<key>sourceTree</key>
			<string>&lt;group&gt;</string>
		</dict>
		<key>27DB898217781156007BC809</key>
		<dict>
			<key>fileEncoding</key>
			<string>4</string>
			<key>isa</key>
			<string>PBXFileReference</string>
			<key>lastKnownFileType</key>
			<string>sourcecode.c.objc</string>
			<key>path</key>
			<string>OPLeftPanelViewController.m</string>
			<key>sourceTree</key>
			<string>&lt;group&gt;</string>
		</dict>
		<key>27DB898317781156007BC809</key>
		<dict>
			<key>fileRef</key>
			<string>27DB898217781156007BC809</string>
			<key>isa</key>
			<string>PBXBuildFile</string>
		</dict>
		<key>27DB8984177811D5007BC809</key>
		<dict>
			<key>fileEncoding</key>
			<string>4</string>
			<key>isa</key>
			<string>PBXFileReference</string>
			<key>lastKnownFileType</key>
			<string>sourcecode.c.h</string>
			<key>path</key>
			<string>OPBoardViewController.h</string>
			<key>sourceTree</key>
			<string>&lt;group&gt;</string>
		</dict>
		<key>27DB8985177811D5007BC809</key>
		<dict>
			<key>fileEncoding</key>
			<string>4</string>
			<key>isa</key>
			<string>PBXFileReference</string>
			<key>lastKnownFileType</key>
			<string>sourcecode.c.objc</string>
			<key>path</key>
			<string>OPBoardViewController.m</string>
			<key>sourceTree</key>
			<string>&lt;group&gt;</string>
		</dict>
		<key>27DB8986177811D5007BC809</key>
		<dict>
			<key>fileRef</key>
			<string>27DB8985177811D5007BC809</string>
			<key>isa</key>
			<string>PBXBuildFile</string>
		</dict>
		<key>27DB898717781605007BC809</key>
		<dict>
			<key>fileEncoding</key>
			<string>4</string>
			<key>isa</key>
			<string>PBXFileReference</string>
			<key>lastKnownFileType</key>
			<string>sourcecode.c.h</string>
			<key>path</key>
			<string>OPUserManager.h</string>
			<key>sourceTree</key>
			<string>&lt;group&gt;</string>
		</dict>
		<key>27DB898817781606007BC809</key>
		<dict>
			<key>fileEncoding</key>
			<string>4</string>
			<key>isa</key>
			<string>PBXFileReference</string>
			<key>lastKnownFileType</key>
			<string>sourcecode.c.objc</string>
			<key>path</key>
			<string>OPUserManager.m</string>
			<key>sourceTree</key>
			<string>&lt;group&gt;</string>
		</dict>
		<key>27DB898917781606007BC809</key>
		<dict>
			<key>fileRef</key>
			<string>27DB898817781606007BC809</string>
			<key>isa</key>
			<string>PBXBuildFile</string>
		</dict>
		<key>27DB898A1778197A007BC809</key>
		<dict>
			<key>fileEncoding</key>
			<string>4</string>
			<key>isa</key>
			<string>PBXFileReference</string>
			<key>lastKnownFileType</key>
			<string>sourcecode.c.h</string>
			<key>path</key>
			<string>OPLoginViewController.h</string>
			<key>sourceTree</key>
			<string>&lt;group&gt;</string>
		</dict>
		<key>27DB898B1778197B007BC809</key>
		<dict>
			<key>fileEncoding</key>
			<string>4</string>
			<key>isa</key>
			<string>PBXFileReference</string>
			<key>lastKnownFileType</key>
			<string>sourcecode.c.objc</string>
			<key>path</key>
			<string>OPLoginViewController.m</string>
			<key>sourceTree</key>
			<string>&lt;group&gt;</string>
		</dict>
		<key>27DB898C1778197B007BC809</key>
		<dict>
			<key>fileRef</key>
			<string>27DB898B1778197B007BC809</string>
			<key>isa</key>
			<string>PBXBuildFile</string>
		</dict>
		<key>27DB898D17781C3A007BC809</key>
		<dict>
			<key>fileEncoding</key>
			<string>4</string>
			<key>isa</key>
			<string>PBXFileReference</string>
			<key>lastKnownFileType</key>
			<string>sourcecode.c.h</string>
			<key>path</key>
			<string>OPBBSInterface.h</string>
			<key>sourceTree</key>
			<string>&lt;group&gt;</string>
		</dict>
		<key>27DB898E17781C3A007BC809</key>
		<dict>
			<key>fileEncoding</key>
			<string>4</string>
			<key>isa</key>
			<string>PBXFileReference</string>
			<key>lastKnownFileType</key>
			<string>sourcecode.c.objc</string>
			<key>path</key>
			<string>OPBBSInterface.m</string>
			<key>sourceTree</key>
			<string>&lt;group&gt;</string>
		</dict>
		<key>27DB898F17781C3A007BC809</key>
		<dict>
			<key>fileRef</key>
			<string>27DB898E17781C3A007BC809</string>
			<key>isa</key>
			<string>PBXBuildFile</string>
		</dict>
		<key>4DE0FD65AC06438692D9206B</key>
		<dict>
			<key>includeInIndex</key>
			<string>1</string>
			<key>isa</key>
			<string>PBXFileReference</string>
			<key>lastKnownFileType</key>
			<string>text.xcconfig</string>
			<key>name</key>
			<string>Pods.xcconfig</string>
			<key>path</key>
			<string>Pods/Pods.xcconfig</string>
			<key>sourceTree</key>
			<string>&lt;group&gt;</string>
		</dict>
		<key>9385F4AE601348EAA5A92F3B</key>
		<dict>
			<key>fileRef</key>
			<string>B3A63A5954544524827152B5</string>
			<key>isa</key>
			<string>PBXBuildFile</string>
		</dict>
		<key>B3A63A5954544524827152B5</key>
		<dict>
			<key>explicitFileType</key>
			<string>archive.ar</string>
			<key>includeInIndex</key>
			<string>0</string>
			<key>isa</key>
			<string>PBXFileReference</string>
			<key>path</key>
			<string>libPods.a</string>
			<key>sourceTree</key>
			<string>BUILT_PRODUCTS_DIR</string>
		</dict>
		<key>BECB31C11FA744F7B3C18C07</key>
		<dict>
			<key>buildActionMask</key>
			<string>2147483647</string>
			<key>files</key>
			<array/>
			<key>inputPaths</key>
			<array/>
			<key>isa</key>
			<string>PBXShellScriptBuildPhase</string>
			<key>name</key>
			<string>Check Pods Manifest.lock</string>
			<key>outputPaths</key>
			<array/>
			<key>runOnlyForDeploymentPostprocessing</key>
			<string>0</string>
			<key>shellPath</key>
			<string>/bin/sh</string>
			<key>shellScript</key>
			<string>diff "${PODS_ROOT}/../Podfile.lock" "${PODS_ROOT}/Manifest.lock" &gt; /dev/null
if [[ $? != 0 ]] ; then
    cat &lt;&lt; EOM
error: The sandbox is not in sync with the Podfile.lock. Run 'pod install' or update your CocoaPods installation.
EOM
    exit 1
fi
</string>
			<key>showEnvVarsInLog</key>
			<string>0</string>
		</dict>
		<key>C6138B06DED5443DBF01866C</key>
		<dict>
			<key>buildActionMask</key>
			<string>2147483647</string>
			<key>files</key>
			<array/>
			<key>inputPaths</key>
			<array/>
			<key>isa</key>
			<string>PBXShellScriptBuildPhase</string>
			<key>name</key>
			<string>Copy Pods Resources</string>
			<key>outputPaths</key>
			<array/>
			<key>runOnlyForDeploymentPostprocessing</key>
			<string>0</string>
			<key>shellPath</key>
			<string>/bin/sh</string>
			<key>shellScript</key>
			<string>"${SRCROOT}/Pods/Pods-resources.sh"
</string>
			<key>showEnvVarsInLog</key>
			<string>0</string>
		</dict>
		<key>FE078EE6177C96E2009083D7</key>
		<dict>
			<key>fileEncoding</key>
			<string>4</string>
			<key>isa</key>
			<string>PBXFileReference</string>
			<key>lastKnownFileType</key>
			<string>sourcecode.c.h</string>
			<key>path</key>
			<string>OPThreadCell.h</string>
			<key>sourceTree</key>
			<string>&lt;group&gt;</string>
		</dict>
		<key>FE078EE7177C96E2009083D7</key>
		<dict>
			<key>fileEncoding</key>
			<string>4</string>
			<key>isa</key>
			<string>PBXFileReference</string>
			<key>lastKnownFileType</key>
			<string>sourcecode.c.objc</string>
			<key>path</key>
			<string>OPThreadCell.m</string>
			<key>sourceTree</key>
			<string>&lt;group&gt;</string>
		</dict>
		<key>FE078EE8177C96E2009083D7</key>
		<dict>
			<key>fileRef</key>
			<string>FE078EE7177C96E2009083D7</string>
			<key>isa</key>
			<string>PBXBuildFile</string>
		</dict>
		<key>FE2FCC351778920800B9995C</key>
		<dict>
			<key>fileEncoding</key>
			<string>4</string>
			<key>isa</key>
			<string>PBXFileReference</string>
			<key>lastKnownFileType</key>
			<string>sourcecode.c.h</string>
			<key>path</key>
			<string>OPThreadViewController.h</string>
			<key>sourceTree</key>
			<string>&lt;group&gt;</string>
		</dict>
		<key>FE2FCC361778920800B9995C</key>
		<dict>
			<key>fileEncoding</key>
			<string>4</string>
			<key>isa</key>
			<string>PBXFileReference</string>
			<key>lastKnownFileType</key>
			<string>sourcecode.c.objc</string>
			<key>path</key>
			<string>OPThreadViewController.m</string>
			<key>sourceTree</key>
			<string>&lt;group&gt;</string>
		</dict>
		<key>FE2FCC371778920800B9995C</key>
		<dict>
			<key>fileRef</key>
			<string>FE2FCC361778920800B9995C</string>
			<key>isa</key>
			<string>PBXBuildFile</string>
		</dict>
		<key>FE5745EF17A2CCA000F9CF50</key>
		<dict>
			<key>fileEncoding</key>
			<string>4</string>
			<key>isa</key>
			<string>PBXFileReference</string>
			<key>lastKnownFileType</key>
			<string>sourcecode.c.h</string>
			<key>path</key>
			<string>UIColor+RGB.h</string>
			<key>sourceTree</key>
			<string>&lt;group&gt;</string>
		</dict>
		<key>FE5745F017A2CCA000F9CF50</key>
		<dict>
			<key>fileEncoding</key>
			<string>4</string>
			<key>isa</key>
			<string>PBXFileReference</string>
			<key>lastKnownFileType</key>
			<string>sourcecode.c.objc</string>
			<key>path</key>
			<string>UIColor+RGB.m</string>
			<key>sourceTree</key>
			<string>&lt;group&gt;</string>
		</dict>
		<key>FE5745F117A2CCA000F9CF50</key>
		<dict>
			<key>fileRef</key>
			<string>FE5745F017A2CCA000F9CF50</string>
			<key>isa</key>
			<string>PBXBuildFile</string>
		</dict>
		<key>FEFE8793177DC1FB009B3E45</key>
		<dict>
			<key>fileEncoding</key>
			<string>4</string>
			<key>isa</key>
			<string>PBXFileReference</string>
			<key>lastKnownFileType</key>
			<string>sourcecode.c.h</string>
			<key>path</key>
			<string>OPThreadDetailViewController.h</string>
			<key>sourceTree</key>
			<string>&lt;group&gt;</string>
		</dict>
		<key>FEFE8794177DC1FB009B3E45</key>
		<dict>
			<key>fileEncoding</key>
			<string>4</string>
			<key>isa</key>
			<string>PBXFileReference</string>
			<key>lastKnownFileType</key>
			<string>sourcecode.c.objc</string>
			<key>path</key>
			<string>OPThreadDetailViewController.m</string>
			<key>sourceTree</key>
			<string>&lt;group&gt;</string>
		</dict>
		<key>FEFE8795177DC1FB009B3E45</key>
		<dict>
			<key>fileRef</key>
			<string>FEFE8794177DC1FB009B3E45</string>
			<key>isa</key>
			<string>PBXBuildFile</string>
		</dict>
	</dict>
	<key>rootObject</key>
	<string>27DB88921777F307007BC809</string>
</dict>
</plist>
